// !$*UTF8*$!
{
	archiveVersion = 1;
	classes = {
	};
	objectVersion = 46;
	objects = {

/* Begin PBXBuildFile section */
		0D9D569D8C5BE0A1961450AE /* libPods-2-4-1Tests.a in Frameworks */ = {isa = PBXBuildFile; fileRef = BE12ECA7DECACC506EBCD638 /* libPods-2-4-1Tests.a */; };
		17C990AD0C6C524381B58BC2 /* libPods-2-4-1.a in Frameworks */ = {isa = PBXBuildFile; fileRef = BC325CF7DAA4AAF898FDF2E5 /* libPods-2-4-1.a */; };
		1FA243751E978E41002B11B4 /* main.m in Sources */ = {isa = PBXBuildFile; fileRef = 1FA243741E978E41002B11B4 /* main.m */; };
		1FA243781E978E41002B11B4 /* AppDelegate.m in Sources */ = {isa = PBXBuildFile; fileRef = 1FA243771E978E41002B11B4 /* AppDelegate.m */; };
		1FA2437B1E978E41002B11B4 /* ViewController.m in Sources */ = {isa = PBXBuildFile; fileRef = 1FA2437A1E978E41002B11B4 /* ViewController.m */; };
		1FA2437E1E978E41002B11B4 /* Main.storyboard in Resources */ = {isa = PBXBuildFile; fileRef = 1FA2437C1E978E41002B11B4 /* Main.storyboard */; };
		1FA243801E978E41002B11B4 /* Assets.xcassets in Resources */ = {isa = PBXBuildFile; fileRef = 1FA2437F1E978E41002B11B4 /* Assets.xcassets */; };
		1FA243831E978E41002B11B4 /* LaunchScreen.storyboard in Resources */ = {isa = PBXBuildFile; fileRef = 1FA243811E978E41002B11B4 /* LaunchScreen.storyboard */; };
		1FA2438E1E978E41002B11B4 /* __4_1Tests.m in Sources */ = {isa = PBXBuildFile; fileRef = 1FA2438D1E978E41002B11B4 /* __4_1Tests.m */; };
/* End PBXBuildFile section */

/* Begin PBXContainerItemProxy section */
		1FA2438A1E978E41002B11B4 /* PBXContainerItemProxy */ = {
			isa = PBXContainerItemProxy;
			containerPortal = 1FA243681E978E41002B11B4 /* Project object */;
			proxyType = 1;
			remoteGlobalIDString = 1FA2436F1E978E41002B11B4;
			remoteInfo = "2-4-1";
		};
/* End PBXContainerItemProxy section */

/* Begin PBXFileReference section */
		0F9768021AC166E3EC6534F9 /* Pods-2-4-1Tests.debug.xcconfig */ = {isa = PBXFileReference; includeInIndex = 1; lastKnownFileType = text.xcconfig; name = "Pods-2-4-1Tests.debug.xcconfig"; path = "Pods/Target Support Files/Pods-2-4-1Tests/Pods-2-4-1Tests.debug.xcconfig"; sourceTree = "<group>"; };
		1FA243701E978E41002B11B4 /* 2-4-1.app */ = {isa = PBXFileReference; explicitFileType = wrapper.application; includeInIndex = 0; path = "2-4-1.app"; sourceTree = BUILT_PRODUCTS_DIR; };
		1FA243741E978E41002B11B4 /* main.m */ = {isa = PBXFileReference; lastKnownFileType = sourcecode.c.objc; path = main.m; sourceTree = "<group>"; };
		1FA243761E978E41002B11B4 /* AppDelegate.h */ = {isa = PBXFileReference; lastKnownFileType = sourcecode.c.h; path = AppDelegate.h; sourceTree = "<group>"; };
		1FA243771E978E41002B11B4 /* AppDelegate.m */ = {isa = PBXFileReference; lastKnownFileType = sourcecode.c.objc; path = AppDelegate.m; sourceTree = "<group>"; };
		1FA243791E978E41002B11B4 /* ViewController.h */ = {isa = PBXFileReference; lastKnownFileType = sourcecode.c.h; path = ViewController.h; sourceTree = "<group>"; };
		1FA2437A1E978E41002B11B4 /* ViewController.m */ = {isa = PBXFileReference; lastKnownFileType = sourcecode.c.objc; path = ViewController.m; sourceTree = "<group>"; };
		1FA2437D1E978E41002B11B4 /* Base */ = {isa = PBXFileReference; lastKnownFileType = file.storyboard; name = Base; path = Base.lproj/Main.storyboard; sourceTree = "<group>"; };
		1FA2437F1E978E41002B11B4 /* Assets.xcassets */ = {isa = PBXFileReference; lastKnownFileType = folder.assetcatalog; path = Assets.xcassets; sourceTree = "<group>"; };
		1FA243821E978E41002B11B4 /* Base */ = {isa = PBXFileReference; lastKnownFileType = file.storyboard; name = Base; path = Base.lproj/LaunchScreen.storyboard; sourceTree = "<group>"; };
		1FA243841E978E41002B11B4 /* Info.plist */ = {isa = PBXFileReference; lastKnownFileType = text.plist.xml; path = Info.plist; sourceTree = "<group>"; };
		1FA243891E978E41002B11B4 /* 2-4-1Tests.xctest */ = {isa = PBXFileReference; explicitFileType = wrapper.cfbundle; includeInIndex = 0; path = "2-4-1Tests.xctest"; sourceTree = BUILT_PRODUCTS_DIR; };
		1FA2438D1E978E41002B11B4 /* __4_1Tests.m */ = {isa = PBXFileReference; lastKnownFileType = sourcecode.c.objc; path = __4_1Tests.m; sourceTree = "<group>"; };
		1FA2438F1E978E41002B11B4 /* Info.plist */ = {isa = PBXFileReference; lastKnownFileType = text.plist.xml; path = Info.plist; sourceTree = "<group>"; };
		2D2FE1025DFD2E793FC1D4EC /* Pods-2-4-1.debug.xcconfig */ = {isa = PBXFileReference; includeInIndex = 1; lastKnownFileType = text.xcconfig; name = "Pods-2-4-1.debug.xcconfig"; path = "Pods/Target Support Files/Pods-2-4-1/Pods-2-4-1.debug.xcconfig"; sourceTree = "<group>"; };
		41C2761DCD022B799A4D5472 /* Pods-2-4-1.release.xcconfig */ = {isa = PBXFileReference; includeInIndex = 1; lastKnownFileType = text.xcconfig; name = "Pods-2-4-1.release.xcconfig"; path = "Pods/Target Support Files/Pods-2-4-1/Pods-2-4-1.release.xcconfig"; sourceTree = "<group>"; };
		7A50078E7D4209C7B4F4EB4B /* Pods-2-4-1Tests.release.xcconfig */ = {isa = PBXFileReference; includeInIndex = 1; lastKnownFileType = text.xcconfig; name = "Pods-2-4-1Tests.release.xcconfig"; path = "Pods/Target Support Files/Pods-2-4-1Tests/Pods-2-4-1Tests.release.xcconfig"; sourceTree = "<group>"; };
		BC325CF7DAA4AAF898FDF2E5 /* libPods-2-4-1.a */ = {isa = PBXFileReference; explicitFileType = archive.ar; includeInIndex = 0; path = "libPods-2-4-1.a"; sourceTree = BUILT_PRODUCTS_DIR; };
		BE12ECA7DECACC506EBCD638 /* libPods-2-4-1Tests.a */ = {isa = PBXFileReference; explicitFileType = archive.ar; includeInIndex = 0; path = "libPods-2-4-1Tests.a"; sourceTree = BUILT_PRODUCTS_DIR; };
/* End PBXFileReference section */

/* Begin PBXFrameworksBuildPhase section */
		1FA2436D1E978E41002B11B4 /* Frameworks */ = {
			isa = PBXFrameworksBuildPhase;
			buildActionMask = 2147483647;
			files = (
				17C990AD0C6C524381B58BC2 /* libPods-2-4-1.a in Frameworks */,
			);
			runOnlyForDeploymentPostprocessing = 0;
		};
		1FA243861E978E41002B11B4 /* Frameworks */ = {
			isa = PBXFrameworksBuildPhase;
			buildActionMask = 2147483647;
			files = (
				0D9D569D8C5BE0A1961450AE /* libPods-2-4-1Tests.a in Frameworks */,
			);
			runOnlyForDeploymentPostprocessing = 0;
		};
/* End PBXFrameworksBuildPhase section */

/* Begin PBXGroup section */
		1FA243671E978E41002B11B4 = {
			isa = PBXGroup;
			children = (
				1FA243721E978E41002B11B4 /* 2-4-1 */,
				1FA2438C1E978E41002B11B4 /* 2-4-1Tests */,
				1FA243711E978E41002B11B4 /* Products */,
				26F3C58943B3176EEED049A7 /* Pods */,
				2148CDF07EF5117C8ADD3E5F /* Frameworks */,
			);
			sourceTree = "<group>";
		};
		1FA243711E978E41002B11B4 /* Products */ = {
			isa = PBXGroup;
			children = (
				1FA243701E978E41002B11B4 /* 2-4-1.app */,
				1FA243891E978E41002B11B4 /* 2-4-1Tests.xctest */,
			);
			name = Products;
			sourceTree = "<group>";
		};
		1FA243721E978E41002B11B4 /* 2-4-1 */ = {
			isa = PBXGroup;
			children = (
				1FA243761E978E41002B11B4 /* AppDelegate.h */,
				1FA243771E978E41002B11B4 /* AppDelegate.m */,
				1FA243791E978E41002B11B4 /* ViewController.h */,
				1FA2437A1E978E41002B11B4 /* ViewController.m */,
				1FA2437C1E978E41002B11B4 /* Main.storyboard */,
				1FA2437F1E978E41002B11B4 /* Assets.xcassets */,
				1FA243811E978E41002B11B4 /* LaunchScreen.storyboard */,
				1FA243841E978E41002B11B4 /* Info.plist */,
				1FA243731E978E41002B11B4 /* Supporting Files */,
			);
			path = "2-4-1";
			sourceTree = "<group>";
		};
		1FA243731E978E41002B11B4 /* Supporting Files */ = {
			isa = PBXGroup;
			children = (
				1FA243741E978E41002B11B4 /* main.m */,
			);
			name = "Supporting Files";
			sourceTree = "<group>";
		};
		1FA2438C1E978E41002B11B4 /* 2-4-1Tests */ = {
			isa = PBXGroup;
			children = (
				1FA2438D1E978E41002B11B4 /* __4_1Tests.m */,
				1FA2438F1E978E41002B11B4 /* Info.plist */,
			);
			path = "2-4-1Tests";
			sourceTree = "<group>";
		};
		2148CDF07EF5117C8ADD3E5F /* Frameworks */ = {
			isa = PBXGroup;
			children = (
				BC325CF7DAA4AAF898FDF2E5 /* libPods-2-4-1.a */,
				BE12ECA7DECACC506EBCD638 /* libPods-2-4-1Tests.a */,
			);
			name = Frameworks;
			sourceTree = "<group>";
		};
		26F3C58943B3176EEED049A7 /* Pods */ = {
			isa = PBXGroup;
			children = (
				2D2FE1025DFD2E793FC1D4EC /* Pods-2-4-1.debug.xcconfig */,
				41C2761DCD022B799A4D5472 /* Pods-2-4-1.release.xcconfig */,
				0F9768021AC166E3EC6534F9 /* Pods-2-4-1Tests.debug.xcconfig */,
				7A50078E7D4209C7B4F4EB4B /* Pods-2-4-1Tests.release.xcconfig */,
			);
			name = Pods;
			sourceTree = "<group>";
		};
/* End PBXGroup section */

/* Begin PBXNativeTarget section */
		1FA2436F1E978E41002B11B4 /* 2-4-1 */ = {
			isa = PBXNativeTarget;
			buildConfigurationList = 1FA243921E978E41002B11B4 /* Build configuration list for PBXNativeTarget "2-4-1" */;
			buildPhases = (
				D8EED269F9BBF12EE3D46965 /* [CP] Check Pods Manifest.lock */,
				1FA2436C1E978E41002B11B4 /* Sources */,
				1FA2436D1E978E41002B11B4 /* Frameworks */,
				1FA2436E1E978E41002B11B4 /* Resources */,
				12DD528F42D8A2A8B201AEF3 /* [CP] Embed Pods Frameworks */,
				2DDCBB7BC463490A496BB2AC /* [CP] Copy Pods Resources */,
			);
			buildRules = (
			);
			dependencies = (
			);
			name = "2-4-1";
			productName = "2-4-1";
			productReference = 1FA243701E978E41002B11B4 /* 2-4-1.app */;
			productType = "com.apple.product-type.application";
		};
		1FA243881E978E41002B11B4 /* 2-4-1Tests */ = {
			isa = PBXNativeTarget;
			buildConfigurationList = 1FA243951E978E41002B11B4 /* Build configuration list for PBXNativeTarget "2-4-1Tests" */;
			buildPhases = (
				8C456DAD2AC8CE296100110F /* [CP] Check Pods Manifest.lock */,
				1FA243851E978E41002B11B4 /* Sources */,
				1FA243861E978E41002B11B4 /* Frameworks */,
				1FA243871E978E41002B11B4 /* Resources */,
				D74E7DBC80062C3AA66877CE /* [CP] Embed Pods Frameworks */,
				CD1E270FE17D04853F925064 /* [CP] Copy Pods Resources */,
			);
			buildRules = (
			);
			dependencies = (
				1FA2438B1E978E41002B11B4 /* PBXTargetDependency */,
			);
			name = "2-4-1Tests";
			productName = "2-4-1Tests";
			productReference = 1FA243891E978E41002B11B4 /* 2-4-1Tests.xctest */;
			productType = "com.apple.product-type.bundle.unit-test";
		};
/* End PBXNativeTarget section */

/* Begin PBXProject section */
		1FA243681E978E41002B11B4 /* Project object */ = {
			isa = PBXProject;
			attributes = {
				LastUpgradeCheck = 0830;
				ORGANIZATIONNAME = stv;
				TargetAttributes = {
					1FA2436F1E978E41002B11B4 = {
						CreatedOnToolsVersion = 8.3.1;
						DevelopmentTeam = PCCZJUYRT6;
						ProvisioningStyle = Automatic;
					};
					1FA243881E978E41002B11B4 = {
						CreatedOnToolsVersion = 8.3.1;
						DevelopmentTeam = PCCZJUYRT6;
						ProvisioningStyle = Automatic;
						TestTargetID = 1FA2436F1E978E41002B11B4;
					};
				};
			};
			buildConfigurationList = 1FA2436B1E978E41002B11B4 /* Build configuration list for PBXProject "2-4-1" */;
			compatibilityVersion = "Xcode 3.2";
			developmentRegion = English;
			hasScannedForEncodings = 0;
			knownRegions = (
				en,
				Base,
			);
			mainGroup = 1FA243671E978E41002B11B4;
			productRefGroup = 1FA243711E978E41002B11B4 /* Products */;
			projectDirPath = "";
			projectRoot = "";
			targets = (
				1FA2436F1E978E41002B11B4 /* 2-4-1 */,
				1FA243881E978E41002B11B4 /* 2-4-1Tests */,
			);
		};
/* End PBXProject section */

/* Begin PBXResourcesBuildPhase section */
		1FA2436E1E978E41002B11B4 /* Resources */ = {
			isa = PBXResourcesBuildPhase;
			buildActionMask = 2147483647;
			files = (
				1FA243831E978E41002B11B4 /* LaunchScreen.storyboard in Resources */,
				1FA243801E978E41002B11B4 /* Assets.xcassets in Resources */,
				1FA2437E1E978E41002B11B4 /* Main.storyboard in Resources */,
			);
			runOnlyForDeploymentPostprocessing = 0;
		};
		1FA243871E978E41002B11B4 /* Resources */ = {
			isa = PBXResourcesBuildPhase;
			buildActionMask = 2147483647;
			files = (
			);
			runOnlyForDeploymentPostprocessing = 0;
		};
/* End PBXResourcesBuildPhase section */

/* Begin PBXShellScriptBuildPhase section */
		12DD528F42D8A2A8B201AEF3 /* [CP] Embed Pods Frameworks */ = {
			isa = PBXShellScriptBuildPhase;
			buildActionMask = 2147483647;
			files = (
			);
			inputPaths = (
			);
			name = "[CP] Embed Pods Frameworks";
			outputPaths = (
			);
			runOnlyForDeploymentPostprocessing = 0;
			shellPath = /bin/sh;
			shellScript = "\"${SRCROOT}/Pods/Target Support Files/Pods-2-4-1/Pods-2-4-1-frameworks.sh\"\n";
			showEnvVarsInLog = 0;
		};
		2DDCBB7BC463490A496BB2AC /* [CP] Copy Pods Resources */ = {
			isa = PBXShellScriptBuildPhase;
			buildActionMask = 2147483647;
			files = (
			);
			inputPaths = (
			);
			name = "[CP] Copy Pods Resources";
			outputPaths = (
			);
			runOnlyForDeploymentPostprocessing = 0;
			shellPath = /bin/sh;
			shellScript = "\"${SRCROOT}/Pods/Target Support Files/Pods-2-4-1/Pods-2-4-1-resources.sh\"\n";
			showEnvVarsInLog = 0;
		};
		8C456DAD2AC8CE296100110F /* [CP] Check Pods Manifest.lock */ = {
			isa = PBXShellScriptBuildPhase;
			buildActionMask = 2147483647;
			files = (
			);
			inputPaths = (
			);
			name = "[CP] Check Pods Manifest.lock";
			outputPaths = (
			);
			runOnlyForDeploymentPostprocessing = 0;
			shellPath = /bin/sh;
			shellScript = "diff \"${PODS_ROOT}/../Podfile.lock\" \"${PODS_ROOT}/Manifest.lock\" > /dev/null\nif [ $? != 0 ] ; then\n    # print error to STDERR\n    echo \"error: The sandbox is not in sync with the Podfile.lock. Run 'pod install' or update your CocoaPods installation.\" >&2\n    exit 1\nfi\n";
			showEnvVarsInLog = 0;
		};
		CD1E270FE17D04853F925064 /* [CP] Copy Pods Resources */ = {
			isa = PBXShellScriptBuildPhase;
			buildActionMask = 2147483647;
			files = (
			);
			inputPaths = (
			);
			name = "[CP] Copy Pods Resources";
			outputPaths = (
			);
			runOnlyForDeploymentPostprocessing = 0;
			shellPath = /bin/sh;
			shellScript = "\"${SRCROOT}/Pods/Target Support Files/Pods-2-4-1Tests/Pods-2-4-1Tests-resources.sh\"\n";
			showEnvVarsInLog = 0;
		};
		D74E7DBC80062C3AA66877CE /* [CP] Embed Pods Frameworks */ = {
			isa = PBXShellScriptBuildPhase;
			buildActionMask = 2147483647;
			files = (
			);
			inputPaths = (
			);
			name = "[CP] Embed Pods Frameworks";
			outputPaths = (
			);
			runOnlyForDeploymentPostprocessing = 0;
			shellPath = /bin/sh;
			shellScript = "\"${SRCROOT}/Pods/Target Support Files/Pods-2-4-1Tests/Pods-2-4-1Tests-frameworks.sh\"\n";
			showEnvVarsInLog = 0;
		};
		D8EED269F9BBF12EE3D46965 /* [CP] Check Pods Manifest.lock */ = {
			isa = PBXShellScriptBuildPhase;
			buildActionMask = 2147483647;
			files = (
			);
			inputPaths = (
			);
			name = "[CP] Check Pods Manifest.lock";
			outputPaths = (
			);
			runOnlyForDeploymentPostprocessing = 0;
			shellPath = /bin/sh;
			shellScript = "diff \"${PODS_ROOT}/../Podfile.lock\" \"${PODS_ROOT}/Manifest.lock\" > /dev/null\nif [ $? != 0 ] ; then\n    # print error to STDERR\n    echo \"error: The sandbox is not in sync with the Podfile.lock. Run 'pod install' or update your CocoaPods installation.\" >&2\n    exit 1\nfi\n";
			showEnvVarsInLog = 0;
		};
/* End PBXShellScriptBuildPhase section */

/* Begin PBXSourcesBuildPhase section */
		1FA2436C1E978E41002B11B4 /* Sources */ = {
			isa = PBXSourcesBuildPhase;
			buildActionMask = 2147483647;
			files = (
				1FA2437B1E978E41002B11B4 /* ViewController.m in Sources */,
				1FA243781E978E41002B11B4 /* AppDelegate.m in Sources */,
				1FA243751E978E41002B11B4 /* main.m in Sources */,
			);
			runOnlyForDeploymentPostprocessing = 0;
		};
		1FA243851E978E41002B11B4 /* Sources */ = {
			isa = PBXSourcesBuildPhase;
			buildActionMask = 2147483647;
			files = (
				1FA2438E1E978E41002B11B4 /* __4_1Tests.m in Sources */,
			);
			runOnlyForDeploymentPostprocessing = 0;
		};
/* End PBXSourcesBuildPhase section */

/* Begin PBXTargetDependency section */
		1FA2438B1E978E41002B11B4 /* PBXTargetDependency */ = {
			isa = PBXTargetDependency;
			target = 1FA2436F1E978E41002B11B4 /* 2-4-1 */;
			targetProxy = 1FA2438A1E978E41002B11B4 /* PBXContainerItemProxy */;
		};
/* End PBXTargetDependency section */

/* Begin PBXVariantGroup section */
		1FA2437C1E978E41002B11B4 /* Main.storyboard */ = {
			isa = PBXVariantGroup;
			children = (
				1FA2437D1E978E41002B11B4 /* Base */,
			);
			name = Main.storyboard;
			sourceTree = "<group>";
		};
		1FA243811E978E41002B11B4 /* LaunchScreen.storyboard */ = {
			isa = PBXVariantGroup;
			children = (
				1FA243821E978E41002B11B4 /* Base */,
			);
			name = LaunchScreen.storyboard;
			sourceTree = "<group>";
		};
/* End PBXVariantGroup section */

/* Begin XCBuildConfiguration section */
		1FA243901E978E41002B11B4 /* Debug */ = {
			isa = XCBuildConfiguration;
			buildSettings = {
				ALWAYS_SEARCH_USER_PATHS = NO;
				CLANG_ANALYZER_NONNULL = YES;
				CLANG_ANALYZER_NUMBER_OBJECT_CONVERSION = YES_AGGRESSIVE;
				CLANG_CXX_LANGUAGE_STANDARD = "gnu++0x";
				CLANG_CXX_LIBRARY = "libc++";
				CLANG_ENABLE_MODULES = YES;
				CLANG_ENABLE_OBJC_ARC = YES;
				CLANG_WARN_BOOL_CONVERSION = YES;
				CLANG_WARN_CONSTANT_CONVERSION = YES;
				CLANG_WARN_DIRECT_OBJC_ISA_USAGE = YES_ERROR;
				CLANG_WARN_DOCUMENTATION_COMMENTS = YES;
				CLANG_WARN_EMPTY_BODY = YES;
				CLANG_WARN_ENUM_CONVERSION = YES;
				CLANG_WARN_INFINITE_RECURSION = YES;
				CLANG_WARN_INT_CONVERSION = YES;
				CLANG_WARN_OBJC_ROOT_CLASS = YES_ERROR;
				CLANG_WARN_SUSPICIOUS_MOVE = YES;
				CLANG_WARN_UNREACHABLE_CODE = YES;
				CLANG_WARN__DUPLICATE_METHOD_MATCH = YES;
				"CODE_SIGN_IDENTITY[sdk=iphoneos*]" = "iPhone Developer";
				COPY_PHASE_STRIP = NO;
				DEBUG_INFORMATION_FORMAT = dwarf;
				ENABLE_STRICT_OBJC_MSGSEND = YES;
				ENABLE_TESTABILITY = YES;
				GCC_C_LANGUAGE_STANDARD = gnu99;
				GCC_DYNAMIC_NO_PIC = NO;
				GCC_NO_COMMON_BLOCKS = YES;
				GCC_OPTIMIZATION_LEVEL = 0;
				GCC_PREPROCESSOR_DEFINITIONS = (
					"DEBUG=1",
					"$(inherited)",
				);
				GCC_WARN_64_TO_32_BIT_CONVERSION = YES;
				GCC_WARN_ABOUT_RETURN_TYPE = YES_ERROR;
				GCC_WARN_UNDECLARED_SELECTOR = YES;
				GCC_WARN_UNINITIALIZED_AUTOS = YES_AGGRESSIVE;
				GCC_WARN_UNUSED_FUNCTION = YES;
				GCC_WARN_UNUSED_VARIABLE = YES;
				IPHONEOS_DEPLOYMENT_TARGET = 10.3;
				MTL_ENABLE_DEBUG_INFO = YES;
				ONLY_ACTIVE_ARCH = YES;
				SDKROOT = iphoneos;
			};
			name = Debug;
		};
		1FA243911E978E41002B11B4 /* Release */ = {
			isa = XCBuildConfiguration;
			buildSettings = {
				ALWAYS_SEARCH_USER_PATHS = NO;
				CLANG_ANALYZER_NONNULL = YES;
				CLANG_ANALYZER_NUMBER_OBJECT_CONVERSION = YES_AGGRESSIVE;
				CLANG_CXX_LANGUAGE_STANDARD = "gnu++0x";
				CLANG_CXX_LIBRARY = "libc++";
				CLANG_ENABLE_MODULES = YES;
				CLANG_ENABLE_OBJC_ARC = YES;
				CLANG_WARN_BOOL_CONVERSION = YES;
				CLANG_WARN_CONSTANT_CONVERSION = YES;
				CLANG_WARN_DIRECT_OBJC_ISA_USAGE = YES_ERROR;
				CLANG_WARN_DOCUMENTATION_COMMENTS = YES;
				CLANG_WARN_EMPTY_BODY = YES;
				CLANG_WARN_ENUM_CONVERSION = YES;
				CLANG_WARN_INFINITE_RECURSION = YES;
				CLANG_WARN_INT_CONVERSION = YES;
				CLANG_WARN_OBJC_ROOT_CLASS = YES_ERROR;
				CLANG_WARN_SUSPICIOUS_MOVE = YES;
				CLANG_WARN_UNREACHABLE_CODE = YES;
				CLANG_WARN__DUPLICATE_METHOD_MATCH = YES;
				"CODE_SIGN_IDENTITY[sdk=iphoneos*]" = "iPhone Developer";
				COPY_PHASE_STRIP = NO;
				DEBUG_INFORMATION_FORMAT = "dwarf-with-dsym";
				ENABLE_NS_ASSERTIONS = NO;
				ENABLE_STRICT_OBJC_MSGSEND = YES;
				GCC_C_LANGUAGE_STANDARD = gnu99;
				GCC_NO_COMMON_BLOCKS = YES;
				GCC_WARN_64_TO_32_BIT_CONVERSION = YES;
				GCC_WARN_ABOUT_RETURN_TYPE = YES_ERROR;
				GCC_WARN_UNDECLARED_SELECTOR = YES;
				GCC_WARN_UNINITIALIZED_AUTOS = YES_AGGRESSIVE;
				GCC_WARN_UNUSED_FUNCTION = YES;
				GCC_WARN_UNUSED_VARIABLE = YES;
				IPHONEOS_DEPLOYMENT_TARGET = 10.3;
				MTL_ENABLE_DEBUG_INFO = NO;
				SDKROOT = iphoneos;
				VALIDATE_PRODUCT = YES;
			};
			name = Release;
		};
		1FA243931E978E41002B11B4 /* Debug */ = {
			isa = XCBuildConfiguration;
			baseConfigurationReference = 2D2FE1025DFD2E793FC1D4EC /* Pods-2-4-1.debug.xcconfig */;
			buildSettings = {
				ASSETCATALOG_COMPILER_APPICON_NAME = AppIcon;
				DEVELOPMENT_TEAM = PCCZJUYRT6;
				INFOPLIST_FILE = "2-4-1/Info.plist";
				LD_RUNPATH_SEARCH_PATHS = "$(inherited) @executable_path/Frameworks";
				PRODUCT_BUNDLE_IDENTIFIER = "stv.--4-1";
				PRODUCT_NAME = "$(TARGET_NAME)";
			};
			name = Debug;
		};
		1FA243941E978E41002B11B4 /* Release */ = {
			isa = XCBuildConfiguration;
			baseConfigurationReference = 41C2761DCD022B799A4D5472 /* Pods-2-4-1.release.xcconfig */;
			buildSettings = {
				ASSETCATALOG_COMPILER_APPICON_NAME = AppIcon;
				DEVELOPMENT_TEAM = PCCZJUYRT6;
				INFOPLIST_FILE = "2-4-1/Info.plist";
				LD_RUNPATH_SEARCH_PATHS = "$(inherited) @executable_path/Frameworks";
				PRODUCT_BUNDLE_IDENTIFIER = "stv.--4-1";
				PRODUCT_NAME = "$(TARGET_NAME)";
			};
			name = Release;
		};
		1FA243961E978E41002B11B4 /* Debug */ = {
			isa = XCBuildConfiguration;
			baseConfigurationReference = 0F9768021AC166E3EC6534F9 /* Pods-2-4-1Tests.debug.xcconfig */;
			buildSettings = {
				BUNDLE_LOADER = "$(TEST_HOST)";
				DEVELOPMENT_TEAM = PCCZJUYRT6;
				INFOPLIST_FILE = "2-4-1Tests/Info.plist";
				LD_RUNPATH_SEARCH_PATHS = "$(inherited) @executable_path/Frameworks @loader_path/Frameworks";
				PRODUCT_BUNDLE_IDENTIFIER = "stv.--4-1Tests";
				PRODUCT_NAME = "$(TARGET_NAME)";
				TEST_HOST = "$(BUILT_PRODUCTS_DIR)/2-4-1.app/2-4-1";
			};
			name = Debug;
		};
		1FA243971E978E41002B11B4 /* Release */ = {
			isa = XCBuildConfiguration;
			baseConfigurationReference = 7A50078E7D4209C7B4F4EB4B /* Pods-2-4-1Tests.release.xcconfig */;
			buildSettings = {
				BUNDLE_LOADER = "$(TEST_HOST)";
				DEVELOPMENT_TEAM = PCCZJUYRT6;
				INFOPLIST_FILE = "2-4-1Tests/Info.plist";
				LD_RUNPATH_SEARCH_PATHS = "$(inherited) @executable_path/Frameworks @loader_path/Frameworks";
				PRODUCT_BUNDLE_IDENTIFIER = "stv.--4-1Tests";
				PRODUCT_NAME = "$(TARGET_NAME)";
				TEST_HOST = "$(BUILT_PRODUCTS_DIR)/2-4-1.app/2-4-1";
			};
			name = Release;
		};
/* End XCBuildConfiguration section */

/* Begin XCConfigurationList section */
		1FA2436B1E978E41002B11B4 /* Build configuration list for PBXProject "2-4-1" */ = {
			isa = XCConfigurationList;
			buildConfigurations = (
				1FA243901E978E41002B11B4 /* Debug */,
				1FA243911E978E41002B11B4 /* Release */,
			);
			defaultConfigurationIsVisible = 0;
			defaultConfigurationName = Release;
		};
		1FA243921E978E41002B11B4 /* Build configuration list for PBXNativeTarget "2-4-1" */ = {
			isa = XCConfigurationList;
			buildConfigurations = (
				1FA243931E978E41002B11B4 /* Debug */,
				1FA243941E978E41002B11B4 /* Release */,
			);
			defaultConfigurationIsVisible = 0;
		};
		1FA243951E978E41002B11B4 /* Build configuration list for PBXNativeTarget "2-4-1Tests" */ = {
			isa = XCConfigurationList;
			buildConfigurations = (
				1FA243961E978E41002B11B4 /* Debug */,
				1FA243971E978E41002B11B4 /* Release */,
			);
			defaultConfigurationIsVisible = 0;
		};
/* End XCConfigurationList section */
	};
	rootObject = 1FA243681E978E41002B11B4 /* Project object */;
}
