// !$*UTF8*$!
{
	archiveVersion = 1;
	classes = {
	};
	objectVersion = 46;
	objects = {

/* Begin PBXBuildFile section */
		1056290F1E89E5A9002F5119 /* BLeagueCollectionViewHeader.m in Sources */ = {isa = PBXBuildFile; fileRef = 1056290E1E89E5A8002F5119 /* BLeagueCollectionViewHeader.m */; };
		105629111E8A244C002F5119 /* Assets.xcassets in Resources */ = {isa = PBXBuildFile; fileRef = 105629101E8A244C002F5119 /* Assets.xcassets */; };
		105629131E8A3408002F5119 /* BLeague.plist in Resources */ = {isa = PBXBuildFile; fileRef = 105629121E8A3408002F5119 /* BLeague.plist */; };
		10ED843D1E88F65400D4ED5E /* main.m in Sources */ = {isa = PBXBuildFile; fileRef = 10ED843C1E88F65400D4ED5E /* main.m */; };
		10ED84401E88F65400D4ED5E /* AppDelegate.m in Sources */ = {isa = PBXBuildFile; fileRef = 10ED843F1E88F65400D4ED5E /* AppDelegate.m */; };
		10ED84461E88F65400D4ED5E /* Main.storyboard in Resources */ = {isa = PBXBuildFile; fileRef = 10ED84441E88F65400D4ED5E /* Main.storyboard */; };
		10ED844B1E88F65400D4ED5E /* LaunchScreen.storyboard in Resources */ = {isa = PBXBuildFile; fileRef = 10ED84491E88F65400D4ED5E /* LaunchScreen.storyboard */; };
		10ED84561E88F65400D4ED5E /* __1_13Tests.m in Sources */ = {isa = PBXBuildFile; fileRef = 10ED84551E88F65400D4ED5E /* __1_13Tests.m */; };
		10ED84611E88F65400D4ED5E /* __1_13UITests.m in Sources */ = {isa = PBXBuildFile; fileRef = 10ED84601E88F65400D4ED5E /* __1_13UITests.m */; };
		10ED84711E88F6B100D4ED5E /* BLeagueWestCollectionViewController.m in Sources */ = {isa = PBXBuildFile; fileRef = 10ED84701E88F6B100D4ED5E /* BLeagueWestCollectionViewController.m */; };
		10ED84781E88FE9500D4ED5E /* BLeagueCollectionViewCell.m in Sources */ = {isa = PBXBuildFile; fileRef = 10ED84771E88FE9500D4ED5E /* BLeagueCollectionViewCell.m */; };
		10ED847B1E89006400D4ED5E /* Team.m in Sources */ = {isa = PBXBuildFile; fileRef = 10ED847A1E89006400D4ED5E /* Team.m */; };
		10ED847F1E89014700D4ED5E /* TeamManager.m in Sources */ = {isa = PBXBuildFile; fileRef = 10ED847E1E89014700D4ED5E /* TeamManager.m */; };
/* End PBXBuildFile section */

/* Begin PBXContainerItemProxy section */
		10ED84521E88F65400D4ED5E /* PBXContainerItemProxy */ = {
			isa = PBXContainerItemProxy;
			containerPortal = 10ED84301E88F65400D4ED5E /* Project object */;
			proxyType = 1;
			remoteGlobalIDString = 10ED84371E88F65400D4ED5E;
			remoteInfo = "2-1-13";
		};
		10ED845D1E88F65400D4ED5E /* PBXContainerItemProxy */ = {
			isa = PBXContainerItemProxy;
			containerPortal = 10ED84301E88F65400D4ED5E /* Project object */;
			proxyType = 1;
			remoteGlobalIDString = 10ED84371E88F65400D4ED5E;
			remoteInfo = "2-1-13";
		};
/* End PBXContainerItemProxy section */

/* Begin PBXFileReference section */
		1056290D1E89E5A8002F5119 /* BLeagueCollectionViewHeader.h */ = {isa = PBXFileReference; fileEncoding = 4; lastKnownFileType = sourcecode.c.h; path = BLeagueCollectionViewHeader.h; sourceTree = "<group>"; };
		1056290E1E89E5A8002F5119 /* BLeagueCollectionViewHeader.m */ = {isa = PBXFileReference; fileEncoding = 4; lastKnownFileType = sourcecode.c.objc; path = BLeagueCollectionViewHeader.m; sourceTree = "<group>"; };
		105629101E8A244C002F5119 /* Assets.xcassets */ = {isa = PBXFileReference; lastKnownFileType = folder.assetcatalog; path = Assets.xcassets; sourceTree = "<group>"; };
		105629121E8A3408002F5119 /* BLeague.plist */ = {isa = PBXFileReference; fileEncoding = 4; lastKnownFileType = text.plist.xml; path = BLeague.plist; sourceTree = "<group>"; };
		10ED84381E88F65400D4ED5E /* 2-1-13.app */ = {isa = PBXFileReference; explicitFileType = wrapper.application; includeInIndex = 0; path = "2-1-13.app"; sourceTree = BUILT_PRODUCTS_DIR; };
		10ED843C1E88F65400D4ED5E /* main.m */ = {isa = PBXFileReference; lastKnownFileType = sourcecode.c.objc; path = main.m; sourceTree = "<group>"; };
		10ED843E1E88F65400D4ED5E /* AppDelegate.h */ = {isa = PBXFileReference; lastKnownFileType = sourcecode.c.h; path = AppDelegate.h; sourceTree = "<group>"; };
		10ED843F1E88F65400D4ED5E /* AppDelegate.m */ = {isa = PBXFileReference; lastKnownFileType = sourcecode.c.objc; path = AppDelegate.m; sourceTree = "<group>"; };
		10ED84451E88F65400D4ED5E /* Base */ = {isa = PBXFileReference; lastKnownFileType = file.storyboard; name = Base; path = Base.lproj/Main.storyboard; sourceTree = "<group>"; };
		10ED844A1E88F65400D4ED5E /* Base */ = {isa = PBXFileReference; lastKnownFileType = file.storyboard; name = Base; path = Base.lproj/LaunchScreen.storyboard; sourceTree = "<group>"; };
		10ED844C1E88F65400D4ED5E /* Info.plist */ = {isa = PBXFileReference; lastKnownFileType = text.plist.xml; path = Info.plist; sourceTree = "<group>"; };
		10ED84511E88F65400D4ED5E /* 2-1-13Tests.xctest */ = {isa = PBXFileReference; explicitFileType = wrapper.cfbundle; includeInIndex = 0; path = "2-1-13Tests.xctest"; sourceTree = BUILT_PRODUCTS_DIR; };
		10ED84551E88F65400D4ED5E /* __1_13Tests.m */ = {isa = PBXFileReference; lastKnownFileType = sourcecode.c.objc; path = __1_13Tests.m; sourceTree = "<group>"; };
		10ED84571E88F65400D4ED5E /* Info.plist */ = {isa = PBXFileReference; lastKnownFileType = text.plist.xml; path = Info.plist; sourceTree = "<group>"; };
		10ED845C1E88F65400D4ED5E /* 2-1-13UITests.xctest */ = {isa = PBXFileReference; explicitFileType = wrapper.cfbundle; includeInIndex = 0; path = "2-1-13UITests.xctest"; sourceTree = BUILT_PRODUCTS_DIR; };
		10ED84601E88F65400D4ED5E /* __1_13UITests.m */ = {isa = PBXFileReference; lastKnownFileType = sourcecode.c.objc; path = __1_13UITests.m; sourceTree = "<group>"; };
		10ED84621E88F65400D4ED5E /* Info.plist */ = {isa = PBXFileReference; lastKnownFileType = text.plist.xml; path = Info.plist; sourceTree = "<group>"; };
		10ED846F1E88F6B100D4ED5E /* BLeagueWestCollectionViewController.h */ = {isa = PBXFileReference; fileEncoding = 4; lastKnownFileType = sourcecode.c.h; path = BLeagueWestCollectionViewController.h; sourceTree = "<group>"; };
		10ED84701E88F6B100D4ED5E /* BLeagueWestCollectionViewController.m */ = {isa = PBXFileReference; fileEncoding = 4; lastKnownFileType = sourcecode.c.objc; path = BLeagueWestCollectionViewController.m; sourceTree = "<group>"; };
		10ED84761E88FE9500D4ED5E /* BLeagueCollectionViewCell.h */ = {isa = PBXFileReference; fileEncoding = 4; lastKnownFileType = sourcecode.c.h; path = BLeagueCollectionViewCell.h; sourceTree = "<group>"; };
		10ED84771E88FE9500D4ED5E /* BLeagueCollectionViewCell.m */ = {isa = PBXFileReference; fileEncoding = 4; lastKnownFileType = sourcecode.c.objc; path = BLeagueCollectionViewCell.m; sourceTree = "<group>"; };
		10ED84791E89006400D4ED5E /* Team.h */ = {isa = PBXFileReference; fileEncoding = 4; lastKnownFileType = sourcecode.c.h; path = Team.h; sourceTree = "<group>"; };
		10ED847A1E89006400D4ED5E /* Team.m */ = {isa = PBXFileReference; fileEncoding = 4; lastKnownFileType = sourcecode.c.objc; path = Team.m; sourceTree = "<group>"; };
		10ED847D1E89014700D4ED5E /* TeamManager.h */ = {isa = PBXFileReference; fileEncoding = 4; lastKnownFileType = sourcecode.c.h; path = TeamManager.h; sourceTree = "<group>"; };
		10ED847E1E89014700D4ED5E /* TeamManager.m */ = {isa = PBXFileReference; fileEncoding = 4; lastKnownFileType = sourcecode.c.objc; path = TeamManager.m; sourceTree = "<group>"; };
/* End PBXFileReference section */

/* Begin PBXFrameworksBuildPhase section */
		10ED84351E88F65400D4ED5E /* Frameworks */ = {
			isa = PBXFrameworksBuildPhase;
			buildActionMask = 2147483647;
			files = (
			);
			runOnlyForDeploymentPostprocessing = 0;
		};
		10ED844E1E88F65400D4ED5E /* Frameworks */ = {
			isa = PBXFrameworksBuildPhase;
			buildActionMask = 2147483647;
			files = (
			);
			runOnlyForDeploymentPostprocessing = 0;
		};
		10ED84591E88F65400D4ED5E /* Frameworks */ = {
			isa = PBXFrameworksBuildPhase;
			buildActionMask = 2147483647;
			files = (
			);
			runOnlyForDeploymentPostprocessing = 0;
		};
/* End PBXFrameworksBuildPhase section */

/* Begin PBXGroup section */
		10ED842F1E88F65400D4ED5E = {
			isa = PBXGroup;
			children = (
				10ED843A1E88F65400D4ED5E /* 2-1-13 */,
				10ED84541E88F65400D4ED5E /* 2-1-13Tests */,
				10ED845F1E88F65400D4ED5E /* 2-1-13UITests */,
				10ED84391E88F65400D4ED5E /* Products */,
			);
			sourceTree = "<group>";
		};
		10ED84391E88F65400D4ED5E /* Products */ = {
			isa = PBXGroup;
			children = (
				10ED84381E88F65400D4ED5E /* 2-1-13.app */,
				10ED84511E88F65400D4ED5E /* 2-1-13Tests.xctest */,
				10ED845C1E88F65400D4ED5E /* 2-1-13UITests.xctest */,
			);
			name = Products;
			sourceTree = "<group>";
		};
		10ED843A1E88F65400D4ED5E /* 2-1-13 */ = {
			isa = PBXGroup;
			children = (
				10ED843E1E88F65400D4ED5E /* AppDelegate.h */,
				10ED843F1E88F65400D4ED5E /* AppDelegate.m */,
				10ED847C1E89006A00D4ED5E /* Model */,
				10ED84751E88FE7200D4ED5E /* View */,
				10ED84721E88F6B500D4ED5E /* ViewController */,
				10ED846E1E88F68900D4ED5E /* Resources */,
				10ED843B1E88F65400D4ED5E /* Supporting Files */,
			);
			path = "2-1-13";
			sourceTree = "<group>";
		};
		10ED843B1E88F65400D4ED5E /* Supporting Files */ = {
			isa = PBXGroup;
			children = (
				10ED843C1E88F65400D4ED5E /* main.m */,
			);
			name = "Supporting Files";
			sourceTree = "<group>";
		};
		10ED84541E88F65400D4ED5E /* 2-1-13Tests */ = {
			isa = PBXGroup;
			children = (
				10ED84551E88F65400D4ED5E /* __1_13Tests.m */,
				10ED84571E88F65400D4ED5E /* Info.plist */,
			);
			path = "2-1-13Tests";
			sourceTree = "<group>";
		};
		10ED845F1E88F65400D4ED5E /* 2-1-13UITests */ = {
			isa = PBXGroup;
			children = (
				10ED84601E88F65400D4ED5E /* __1_13UITests.m */,
				10ED84621E88F65400D4ED5E /* Info.plist */,
			);
			path = "2-1-13UITests";
			sourceTree = "<group>";
		};
		10ED846E1E88F68900D4ED5E /* Resources */ = {
			isa = PBXGroup;
			children = (
				105629101E8A244C002F5119 /* Assets.xcassets */,
				10ED84491E88F65400D4ED5E /* LaunchScreen.storyboard */,
				10ED844C1E88F65400D4ED5E /* Info.plist */,
				105629121E8A3408002F5119 /* BLeague.plist */,
			);
			name = Resources;
			sourceTree = "<group>";
		};
		10ED84721E88F6B500D4ED5E /* ViewController */ = {
			isa = PBXGroup;
			children = (
				10ED846F1E88F6B100D4ED5E /* BLeagueWestCollectionViewController.h */,
				10ED84701E88F6B100D4ED5E /* BLeagueWestCollectionViewController.m */,
			);
			name = ViewController;
			sourceTree = "<group>";
		};
		10ED84751E88FE7200D4ED5E /* View */ = {
			isa = PBXGroup;
			children = (
				10ED84441E88F65400D4ED5E /* Main.storyboard */,
				10ED84761E88FE9500D4ED5E /* BLeagueCollectionViewCell.h */,
				10ED84771E88FE9500D4ED5E /* BLeagueCollectionViewCell.m */,
				1056290D1E89E5A8002F5119 /* BLeagueCollectionViewHeader.h */,
				1056290E1E89E5A8002F5119 /* BLeagueCollectionViewHeader.m */,
			);
			name = View;
			sourceTree = "<group>";
		};
		10ED847C1E89006A00D4ED5E /* Model */ = {
			isa = PBXGroup;
			children = (
				10ED84791E89006400D4ED5E /* Team.h */,
				10ED847A1E89006400D4ED5E /* Team.m */,
				10ED847D1E89014700D4ED5E /* TeamManager.h */,
				10ED847E1E89014700D4ED5E /* TeamManager.m */,
			);
			name = Model;
			sourceTree = "<group>";
		};
/* End PBXGroup section */

/* Begin PBXNativeTarget section */
		10ED84371E88F65400D4ED5E /* 2-1-13 */ = {
			isa = PBXNativeTarget;
			buildConfigurationList = 10ED84651E88F65400D4ED5E /* Build configuration list for PBXNativeTarget "2-1-13" */;
			buildPhases = (
				10ED84341E88F65400D4ED5E /* Sources */,
				10ED84351E88F65400D4ED5E /* Frameworks */,
				10ED84361E88F65400D4ED5E /* Resources */,
			);
			buildRules = (
			);
			dependencies = (
			);
			name = "2-1-13";
			productName = "2-1-13";
			productReference = 10ED84381E88F65400D4ED5E /* 2-1-13.app */;
			productType = "com.apple.product-type.application";
		};
		10ED84501E88F65400D4ED5E /* 2-1-13Tests */ = {
			isa = PBXNativeTarget;
			buildConfigurationList = 10ED84681E88F65400D4ED5E /* Build configuration list for PBXNativeTarget "2-1-13Tests" */;
			buildPhases = (
				10ED844D1E88F65400D4ED5E /* Sources */,
				10ED844E1E88F65400D4ED5E /* Frameworks */,
				10ED844F1E88F65400D4ED5E /* Resources */,
			);
			buildRules = (
			);
			dependencies = (
				10ED84531E88F65400D4ED5E /* PBXTargetDependency */,
			);
			name = "2-1-13Tests";
			productName = "2-1-13Tests";
			productReference = 10ED84511E88F65400D4ED5E /* 2-1-13Tests.xctest */;
			productType = "com.apple.product-type.bundle.unit-test";
		};
		10ED845B1E88F65400D4ED5E /* 2-1-13UITests */ = {
			isa = PBXNativeTarget;
			buildConfigurationList = 10ED846B1E88F65400D4ED5E /* Build configuration list for PBXNativeTarget "2-1-13UITests" */;
			buildPhases = (
				10ED84581E88F65400D4ED5E /* Sources */,
				10ED84591E88F65400D4ED5E /* Frameworks */,
				10ED845A1E88F65400D4ED5E /* Resources */,
			);
			buildRules = (
			);
			dependencies = (
				10ED845E1E88F65400D4ED5E /* PBXTargetDependency */,
			);
			name = "2-1-13UITests";
			productName = "2-1-13UITests";
			productReference = 10ED845C1E88F65400D4ED5E /* 2-1-13UITests.xctest */;
			productType = "com.apple.product-type.bundle.ui-testing";
		};
/* End PBXNativeTarget section */

/* Begin PBXProject section */
		10ED84301E88F65400D4ED5E /* Project object */ = {
			isa = PBXProject;
			attributes = {
				LastUpgradeCheck = 0820;
				ORGANIZATIONNAME = "smart tech ventures";
				TargetAttributes = {
					10ED84371E88F65400D4ED5E = {
						CreatedOnToolsVersion = 8.2.1;
						DevelopmentTeam = KE8PEF6922;
						ProvisioningStyle = Automatic;
					};
					10ED84501E88F65400D4ED5E = {
						CreatedOnToolsVersion = 8.2.1;
						DevelopmentTeam = KE8PEF6922;
						ProvisioningStyle = Automatic;
						TestTargetID = 10ED84371E88F65400D4ED5E;
					};
					10ED845B1E88F65400D4ED5E = {
						CreatedOnToolsVersion = 8.2.1;
						DevelopmentTeam = KE8PEF6922;
						ProvisioningStyle = Automatic;
						TestTargetID = 10ED84371E88F65400D4ED5E;
					};
				};
			};
			buildConfigurationList = 10ED84331E88F65400D4ED5E /* Build configuration list for PBXProject "2-1-13" */;
			compatibilityVersion = "Xcode 3.2";
			developmentRegion = English;
			hasScannedForEncodings = 0;
			knownRegions = (
				en,
				Base,
			);
			mainGroup = 10ED842F1E88F65400D4ED5E;
			productRefGroup = 10ED84391E88F65400D4ED5E /* Products */;
			projectDirPath = "";
			projectRoot = "";
			targets = (
				10ED84371E88F65400D4ED5E /* 2-1-13 */,
				10ED84501E88F65400D4ED5E /* 2-1-13Tests */,
				10ED845B1E88F65400D4ED5E /* 2-1-13UITests */,
			);
		};
/* End PBXProject section */

/* Begin PBXResourcesBuildPhase section */
		10ED84361E88F65400D4ED5E /* Resources */ = {
			isa = PBXResourcesBuildPhase;
			buildActionMask = 2147483647;
			files = (
				105629131E8A3408002F5119 /* BLeague.plist in Resources */,
				10ED844B1E88F65400D4ED5E /* LaunchScreen.storyboard in Resources */,
				105629111E8A244C002F5119 /* Assets.xcassets in Resources */,
				10ED84461E88F65400D4ED5E /* Main.storyboard in Resources */,
			);
			runOnlyForDeploymentPostprocessing = 0;
		};
		10ED844F1E88F65400D4ED5E /* Resources */ = {
			isa = PBXResourcesBuildPhase;
			buildActionMask = 2147483647;
			files = (
			);
			runOnlyForDeploymentPostprocessing = 0;
		};
		10ED845A1E88F65400D4ED5E /* Resources */ = {
			isa = PBXResourcesBuildPhase;
			buildActionMask = 2147483647;
			files = (
			);
			runOnlyForDeploymentPostprocessing = 0;
		};
/* End PBXResourcesBuildPhase section */

/* Begin PBXSourcesBuildPhase section */
		10ED84341E88F65400D4ED5E /* Sources */ = {
			isa = PBXSourcesBuildPhase;
			buildActionMask = 2147483647;
			files = (
				10ED847B1E89006400D4ED5E /* Team.m in Sources */,
				10ED84401E88F65400D4ED5E /* AppDelegate.m in Sources */,
				10ED843D1E88F65400D4ED5E /* main.m in Sources */,
				10ED84781E88FE9500D4ED5E /* BLeagueCollectionViewCell.m in Sources */,
				10ED847F1E89014700D4ED5E /* TeamManager.m in Sources */,
				1056290F1E89E5A9002F5119 /* BLeagueCollectionViewHeader.m in Sources */,
				10ED84711E88F6B100D4ED5E /* BLeagueWestCollectionViewController.m in Sources */,
			);
			runOnlyForDeploymentPostprocessing = 0;
		};
		10ED844D1E88F65400D4ED5E /* Sources */ = {
			isa = PBXSourcesBuildPhase;
			buildActionMask = 2147483647;
			files = (
				10ED84561E88F65400D4ED5E /* __1_13Tests.m in Sources */,
			);
			runOnlyForDeploymentPostprocessing = 0;
		};
		10ED84581E88F65400D4ED5E /* Sources */ = {
			isa = PBXSourcesBuildPhase;
			buildActionMask = 2147483647;
			files = (
				10ED84611E88F65400D4ED5E /* __1_13UITests.m in Sources */,
			);
			runOnlyForDeploymentPostprocessing = 0;
		};
/* End PBXSourcesBuildPhase section */

/* Begin PBXTargetDependency section */
		10ED84531E88F65400D4ED5E /* PBXTargetDependency */ = {
			isa = PBXTargetDependency;
			target = 10ED84371E88F65400D4ED5E /* 2-1-13 */;
			targetProxy = 10ED84521E88F65400D4ED5E /* PBXContainerItemProxy */;
		};
		10ED845E1E88F65400D4ED5E /* PBXTargetDependency */ = {
			isa = PBXTargetDependency;
			target = 10ED84371E88F65400D4ED5E /* 2-1-13 */;
			targetProxy = 10ED845D1E88F65400D4ED5E /* PBXContainerItemProxy */;
		};
/* End PBXTargetDependency section */

/* Begin PBXVariantGroup section */
		10ED84441E88F65400D4ED5E /* Main.storyboard */ = {
			isa = PBXVariantGroup;
			children = (
				10ED84451E88F65400D4ED5E /* Base */,
			);
			name = Main.storyboard;
			sourceTree = "<group>";
		};
		10ED84491E88F65400D4ED5E /* LaunchScreen.storyboard */ = {
			isa = PBXVariantGroup;
			children = (
				10ED844A1E88F65400D4ED5E /* Base */,
			);
			name = LaunchScreen.storyboard;
			sourceTree = "<group>";
		};
/* End PBXVariantGroup section */

/* Begin XCBuildConfiguration section */
		10ED84631E88F65400D4ED5E /* Debug */ = {
			isa = XCBuildConfiguration;
			buildSettings = {
				ALWAYS_SEARCH_USER_PATHS = NO;
				CLANG_ANALYZER_NONNULL = YES;
				CLANG_CXX_LANGUAGE_STANDARD = "gnu++0x";
				CLANG_CXX_LIBRARY = "libc++";
				CLANG_ENABLE_MODULES = YES;
				CLANG_ENABLE_OBJC_ARC = YES;
				CLANG_WARN_BOOL_CONVERSION = YES;
				CLANG_WARN_CONSTANT_CONVERSION = YES;
				CLANG_WARN_DIRECT_OBJC_ISA_USAGE = YES_ERROR;
				CLANG_WARN_DOCUMENTATION_COMMENTS = YES;
				CLANG_WARN_EMPTY_BODY = YES;
				CLANG_WARN_ENUM_CONVERSION = YES;
				CLANG_WARN_INFINITE_RECURSION = YES;
				CLANG_WARN_INT_CONVERSION = YES;
				CLANG_WARN_OBJC_ROOT_CLASS = YES_ERROR;
				CLANG_WARN_SUSPICIOUS_MOVE = YES;
				CLANG_WARN_UNREACHABLE_CODE = YES;
				CLANG_WARN__DUPLICATE_METHOD_MATCH = YES;
				"CODE_SIGN_IDENTITY[sdk=iphoneos*]" = "iPhone Developer";
				COPY_PHASE_STRIP = NO;
				DEBUG_INFORMATION_FORMAT = dwarf;
				ENABLE_STRICT_OBJC_MSGSEND = YES;
				ENABLE_TESTABILITY = YES;
				GCC_C_LANGUAGE_STANDARD = gnu99;
				GCC_DYNAMIC_NO_PIC = NO;
				GCC_NO_COMMON_BLOCKS = YES;
				GCC_OPTIMIZATION_LEVEL = 0;
				GCC_PREPROCESSOR_DEFINITIONS = (
					"DEBUG=1",
					"$(inherited)",
				);
				GCC_WARN_64_TO_32_BIT_CONVERSION = YES;
				GCC_WARN_ABOUT_RETURN_TYPE = YES_ERROR;
				GCC_WARN_UNDECLARED_SELECTOR = YES;
				GCC_WARN_UNINITIALIZED_AUTOS = YES_AGGRESSIVE;
				GCC_WARN_UNUSED_FUNCTION = YES;
				GCC_WARN_UNUSED_VARIABLE = YES;
				IPHONEOS_DEPLOYMENT_TARGET = 10.2;
				MTL_ENABLE_DEBUG_INFO = YES;
				ONLY_ACTIVE_ARCH = YES;
				SDKROOT = iphoneos;
			};
			name = Debug;
		};
		10ED84641E88F65400D4ED5E /* Release */ = {
			isa = XCBuildConfiguration;
			buildSettings = {
				ALWAYS_SEARCH_USER_PATHS = NO;
				CLANG_ANALYZER_NONNULL = YES;
				CLANG_CXX_LANGUAGE_STANDARD = "gnu++0x";
				CLANG_CXX_LIBRARY = "libc++";
				CLANG_ENABLE_MODULES = YES;
				CLANG_ENABLE_OBJC_ARC = YES;
				CLANG_WARN_BOOL_CONVERSION = YES;
				CLANG_WARN_CONSTANT_CONVERSION = YES;
				CLANG_WARN_DIRECT_OBJC_ISA_USAGE = YES_ERROR;
				CLANG_WARN_DOCUMENTATION_COMMENTS = YES;
				CLANG_WARN_EMPTY_BODY = YES;
				CLANG_WARN_ENUM_CONVERSION = YES;
				CLANG_WARN_INFINITE_RECURSION = YES;
				CLANG_WARN_INT_CONVERSION = YES;
				CLANG_WARN_OBJC_ROOT_CLASS = YES_ERROR;
				CLANG_WARN_SUSPICIOUS_MOVE = YES;
				CLANG_WARN_UNREACHABLE_CODE = YES;
				CLANG_WARN__DUPLICATE_METHOD_MATCH = YES;
				"CODE_SIGN_IDENTITY[sdk=iphoneos*]" = "iPhone Developer";
				COPY_PHASE_STRIP = NO;
				DEBUG_INFORMATION_FORMAT = "dwarf-with-dsym";
				ENABLE_NS_ASSERTIONS = NO;
				ENABLE_STRICT_OBJC_MSGSEND = YES;
				GCC_C_LANGUAGE_STANDARD = gnu99;
				GCC_NO_COMMON_BLOCKS = YES;
				GCC_WARN_64_TO_32_BIT_CONVERSION = YES;
				GCC_WARN_ABOUT_RETURN_TYPE = YES_ERROR;
				GCC_WARN_UNDECLARED_SELECTOR = YES;
				GCC_WARN_UNINITIALIZED_AUTOS = YES_AGGRESSIVE;
				GCC_WARN_UNUSED_FUNCTION = YES;
				GCC_WARN_UNUSED_VARIABLE = YES;
				IPHONEOS_DEPLOYMENT_TARGET = 10.2;
				MTL_ENABLE_DEBUG_INFO = NO;
				SDKROOT = iphoneos;
				VALIDATE_PRODUCT = YES;
			};
			name = Release;
		};
		10ED84661E88F65400D4ED5E /* Debug */ = {
			isa = XCBuildConfiguration;
			buildSettings = {
				ASSETCATALOG_COMPILER_APPICON_NAME = AppIcon;
				DEVELOPMENT_TEAM = KE8PEF6922;
				INFOPLIST_FILE = "2-1-13/Info.plist";
				LD_RUNPATH_SEARCH_PATHS = "$(inherited) @executable_path/Frameworks";
				PRODUCT_BUNDLE_IDENTIFIER = "smart-tech-ventures.--1-13";
				PRODUCT_NAME = "$(TARGET_NAME)";
			};
			name = Debug;
		};
		10ED84671E88F65400D4ED5E /* Release */ = {
			isa = XCBuildConfiguration;
			buildSettings = {
				ASSETCATALOG_COMPILER_APPICON_NAME = AppIcon;
				DEVELOPMENT_TEAM = KE8PEF6922;
				INFOPLIST_FILE = "2-1-13/Info.plist";
				LD_RUNPATH_SEARCH_PATHS = "$(inherited) @executable_path/Frameworks";
				PRODUCT_BUNDLE_IDENTIFIER = "smart-tech-ventures.--1-13";
				PRODUCT_NAME = "$(TARGET_NAME)";
			};
			name = Release;
		};
		10ED84691E88F65400D4ED5E /* Debug */ = {
			isa = XCBuildConfiguration;
			buildSettings = {
				BUNDLE_LOADER = "$(TEST_HOST)";
				DEVELOPMENT_TEAM = KE8PEF6922;
				INFOPLIST_FILE = "2-1-13Tests/Info.plist";
				LD_RUNPATH_SEARCH_PATHS = "$(inherited) @executable_path/Frameworks @loader_path/Frameworks";
				PRODUCT_BUNDLE_IDENTIFIER = "smart-tech-ventures.--1-13Tests";
				PRODUCT_NAME = "$(TARGET_NAME)";
				TEST_HOST = "$(BUILT_PRODUCTS_DIR)/2-1-13.app/2-1-13";
			};
			name = Debug;
		};
		10ED846A1E88F65400D4ED5E /* Release */ = {
			isa = XCBuildConfiguration;
			buildSettings = {
				BUNDLE_LOADER = "$(TEST_HOST)";
				DEVELOPMENT_TEAM = KE8PEF6922;
				INFOPLIST_FILE = "2-1-13Tests/Info.plist";
				LD_RUNPATH_SEARCH_PATHS = "$(inherited) @executable_path/Frameworks @loader_path/Frameworks";
				PRODUCT_BUNDLE_IDENTIFIER = "smart-tech-ventures.--1-13Tests";
				PRODUCT_NAME = "$(TARGET_NAME)";
				TEST_HOST = "$(BUILT_PRODUCTS_DIR)/2-1-13.app/2-1-13";
			};
			name = Release;
		};
		10ED846C1E88F65400D4ED5E /* Debug */ = {
			isa = XCBuildConfiguration;
			buildSettings = {
				DEVELOPMENT_TEAM = KE8PEF6922;
				INFOPLIST_FILE = "2-1-13UITests/Info.plist";
				LD_RUNPATH_SEARCH_PATHS = "$(inherited) @executable_path/Frameworks @loader_path/Frameworks";
				PRODUCT_BUNDLE_IDENTIFIER = "smart-tech-ventures.--1-13UITests";
				PRODUCT_NAME = "$(TARGET_NAME)";
				TEST_TARGET_NAME = "2-1-13";
			};
			name = Debug;
		};
		10ED846D1E88F65400D4ED5E /* Release */ = {
			isa = XCBuildConfiguration;
			buildSettings = {
				DEVELOPMENT_TEAM = KE8PEF6922;
				INFOPLIST_FILE = "2-1-13UITests/Info.plist";
				LD_RUNPATH_SEARCH_PATHS = "$(inherited) @executable_path/Frameworks @loader_path/Frameworks";
				PRODUCT_BUNDLE_IDENTIFIER = "smart-tech-ventures.--1-13UITests";
				PRODUCT_NAME = "$(TARGET_NAME)";
				TEST_TARGET_NAME = "2-1-13";
			};
			name = Release;
		};
/* End XCBuildConfiguration section */

/* Begin XCConfigurationList section */
		10ED84331E88F65400D4ED5E /* Build configuration list for PBXProject "2-1-13" */ = {
			isa = XCConfigurationList;
			buildConfigurations = (
				10ED84631E88F65400D4ED5E /* Debug */,
				10ED84641E88F65400D4ED5E /* Release */,
			);
			defaultConfigurationIsVisible = 0;
			defaultConfigurationName = Release;
		};
		10ED84651E88F65400D4ED5E /* Build configuration list for PBXNativeTarget "2-1-13" */ = {
			isa = XCConfigurationList;
			buildConfigurations = (
				10ED84661E88F65400D4ED5E /* Debug */,
				10ED84671E88F65400D4ED5E /* Release */,
			);
			defaultConfigurationIsVisible = 0;
			defaultConfigurationName = Release;
		};
		10ED84681E88F65400D4ED5E /* Build configuration list for PBXNativeTarget "2-1-13Tests" */ = {
			isa = XCConfigurationList;
			buildConfigurations = (
				10ED84691E88F65400D4ED5E /* Debug */,
				10ED846A1E88F65400D4ED5E /* Release */,
			);
			defaultConfigurationIsVisible = 0;
			defaultConfigurationName = Release;
		};
		10ED846B1E88F65400D4ED5E /* Build configuration list for PBXNativeTarget "2-1-13UITests" */ = {
			isa = XCConfigurationList;
			buildConfigurations = (
				10ED846C1E88F65400D4ED5E /* Debug */,
				10ED846D1E88F65400D4ED5E /* Release */,
			);
			defaultConfigurationIsVisible = 0;
			defaultConfigurationName = Release;
		};
/* End XCConfigurationList section */
	};
	rootObject = 10ED84301E88F65400D4ED5E /* Project object */;
}
