// !$*UTF8*$!
{
	archiveVersion = 1;
	classes = {
	};
	objectVersion = 46;
	objects = {

/* Begin PBXBuildFile section */
		1F506DC31E839984000E0F05 /* main.m in Sources */ = {isa = PBXBuildFile; fileRef = 1F506DC21E839984000E0F05 /* main.m */; };
		1F506DC61E839984000E0F05 /* AppDelegate.m in Sources */ = {isa = PBXBuildFile; fileRef = 1F506DC51E839984000E0F05 /* AppDelegate.m */; };
		1F506DC91E839984000E0F05 /* ViewController.m in Sources */ = {isa = PBXBuildFile; fileRef = 1F506DC81E839984000E0F05 /* ViewController.m */; };
		1F506DCE1E839984000E0F05 /* Assets.xcassets in Resources */ = {isa = PBXBuildFile; fileRef = 1F506DCD1E839984000E0F05 /* Assets.xcassets */; };
		1F506DD11E839984000E0F05 /* LaunchScreen.storyboard in Resources */ = {isa = PBXBuildFile; fileRef = 1F506DCF1E839984000E0F05 /* LaunchScreen.storyboard */; };
		1F506DDC1E839984000E0F05 /* __1_11Tests.m in Sources */ = {isa = PBXBuildFile; fileRef = 1F506DDB1E839984000E0F05 /* __1_11Tests.m */; };
		1F506DE71E839984000E0F05 /* __1_11UITests.m in Sources */ = {isa = PBXBuildFile; fileRef = 1F506DE61E839984000E0F05 /* __1_11UITests.m */; };
		1F506DF51E839A68000E0F05 /* Main.storyboard in Resources */ = {isa = PBXBuildFile; fileRef = 1F506DF41E839A68000E0F05 /* Main.storyboard */; };
		1F506DF91E839ADD000E0F05 /* Devices.plist in Resources */ = {isa = PBXBuildFile; fileRef = 1F506DF81E839ADD000E0F05 /* Devices.plist */; };
		1F506DFB1E83A97F000E0F05 /* ViewController+UITableViewDataSource.m in Sources */ = {isa = PBXBuildFile; fileRef = 1F506DFA1E83A97F000E0F05 /* ViewController+UITableViewDataSource.m */; };
/* End PBXBuildFile section */

/* Begin PBXContainerItemProxy section */
		1F506DD81E839984000E0F05 /* PBXContainerItemProxy */ = {
			isa = PBXContainerItemProxy;
			containerPortal = 1F506DB61E839984000E0F05 /* Project object */;
			proxyType = 1;
			remoteGlobalIDString = 1F506DBD1E839984000E0F05;
			remoteInfo = "2-1-11";
		};
		1F506DE31E839984000E0F05 /* PBXContainerItemProxy */ = {
			isa = PBXContainerItemProxy;
			containerPortal = 1F506DB61E839984000E0F05 /* Project object */;
			proxyType = 1;
			remoteGlobalIDString = 1F506DBD1E839984000E0F05;
			remoteInfo = "2-1-11";
		};
/* End PBXContainerItemProxy section */

/* Begin PBXFileReference section */
		1F506DBE1E839984000E0F05 /* 2-1-11.app */ = {isa = PBXFileReference; explicitFileType = wrapper.application; includeInIndex = 0; path = "2-1-11.app"; sourceTree = BUILT_PRODUCTS_DIR; };
		1F506DC21E839984000E0F05 /* main.m */ = {isa = PBXFileReference; lastKnownFileType = sourcecode.c.objc; path = main.m; sourceTree = "<group>"; };
		1F506DC41E839984000E0F05 /* AppDelegate.h */ = {isa = PBXFileReference; lastKnownFileType = sourcecode.c.h; path = AppDelegate.h; sourceTree = "<group>"; };
		1F506DC51E839984000E0F05 /* AppDelegate.m */ = {isa = PBXFileReference; lastKnownFileType = sourcecode.c.objc; path = AppDelegate.m; sourceTree = "<group>"; };
		1F506DC71E839984000E0F05 /* ViewController.h */ = {isa = PBXFileReference; lastKnownFileType = sourcecode.c.h; path = ViewController.h; sourceTree = "<group>"; };
		1F506DC81E839984000E0F05 /* ViewController.m */ = {isa = PBXFileReference; lastKnownFileType = sourcecode.c.objc; path = ViewController.m; sourceTree = "<group>"; };
		1F506DCD1E839984000E0F05 /* Assets.xcassets */ = {isa = PBXFileReference; lastKnownFileType = folder.assetcatalog; path = Assets.xcassets; sourceTree = "<group>"; };
		1F506DD01E839984000E0F05 /* Base */ = {isa = PBXFileReference; lastKnownFileType = file.storyboard; name = Base; path = Base.lproj/LaunchScreen.storyboard; sourceTree = "<group>"; };
		1F506DD21E839984000E0F05 /* Info.plist */ = {isa = PBXFileReference; lastKnownFileType = text.plist.xml; path = Info.plist; sourceTree = "<group>"; };
		1F506DD71E839984000E0F05 /* 2-1-11Tests.xctest */ = {isa = PBXFileReference; explicitFileType = wrapper.cfbundle; includeInIndex = 0; path = "2-1-11Tests.xctest"; sourceTree = BUILT_PRODUCTS_DIR; };
		1F506DDB1E839984000E0F05 /* __1_11Tests.m */ = {isa = PBXFileReference; lastKnownFileType = sourcecode.c.objc; path = __1_11Tests.m; sourceTree = "<group>"; };
		1F506DDD1E839984000E0F05 /* Info.plist */ = {isa = PBXFileReference; lastKnownFileType = text.plist.xml; path = Info.plist; sourceTree = "<group>"; };
		1F506DE21E839984000E0F05 /* 2-1-11UITests.xctest */ = {isa = PBXFileReference; explicitFileType = wrapper.cfbundle; includeInIndex = 0; path = "2-1-11UITests.xctest"; sourceTree = BUILT_PRODUCTS_DIR; };
		1F506DE61E839984000E0F05 /* __1_11UITests.m */ = {isa = PBXFileReference; lastKnownFileType = sourcecode.c.objc; path = __1_11UITests.m; sourceTree = "<group>"; };
		1F506DE81E839984000E0F05 /* Info.plist */ = {isa = PBXFileReference; lastKnownFileType = text.plist.xml; path = Info.plist; sourceTree = "<group>"; };
		1F506DF41E839A68000E0F05 /* Main.storyboard */ = {isa = PBXFileReference; fileEncoding = 4; lastKnownFileType = file.storyboard; path = Main.storyboard; sourceTree = "<group>"; };
		1F506DF81E839ADD000E0F05 /* Devices.plist */ = {isa = PBXFileReference; fileEncoding = 4; lastKnownFileType = text.plist.xml; name = Devices.plist; path = ../Devices.plist; sourceTree = "<group>"; };
		1F506DFA1E83A97F000E0F05 /* ViewController+UITableViewDataSource.m */ = {isa = PBXFileReference; fileEncoding = 4; lastKnownFileType = sourcecode.c.objc; path = "ViewController+UITableViewDataSource.m"; sourceTree = "<group>"; };
/* End PBXFileReference section */

/* Begin PBXFrameworksBuildPhase section */
		1F506DBB1E839984000E0F05 /* Frameworks */ = {
			isa = PBXFrameworksBuildPhase;
			buildActionMask = 2147483647;
			files = (
			);
			runOnlyForDeploymentPostprocessing = 0;
		};
		1F506DD41E839984000E0F05 /* Frameworks */ = {
			isa = PBXFrameworksBuildPhase;
			buildActionMask = 2147483647;
			files = (
			);
			runOnlyForDeploymentPostprocessing = 0;
		};
		1F506DDF1E839984000E0F05 /* Frameworks */ = {
			isa = PBXFrameworksBuildPhase;
			buildActionMask = 2147483647;
			files = (
			);
			runOnlyForDeploymentPostprocessing = 0;
		};
/* End PBXFrameworksBuildPhase section */

/* Begin PBXGroup section */
		107C85E61E86A7360042B15D /* View Controller */ = {
			isa = PBXGroup;
			children = (
				1F506DC71E839984000E0F05 /* ViewController.h */,
				1F506DC81E839984000E0F05 /* ViewController.m */,
				1F506DFA1E83A97F000E0F05 /* ViewController+UITableViewDataSource.m */,
			);
			name = "View Controller";
			sourceTree = "<group>";
		};
		107C85E71E86A7430042B15D /* VIew */ = {
			isa = PBXGroup;
			children = (
				1F506DF41E839A68000E0F05 /* Main.storyboard */,
			);
			name = VIew;
			sourceTree = "<group>";
		};
		107C85E81E86A74F0042B15D /* Resources */ = {
			isa = PBXGroup;
			children = (
				1F506DCD1E839984000E0F05 /* Assets.xcassets */,
				1F506DCF1E839984000E0F05 /* LaunchScreen.storyboard */,
				1F506DD21E839984000E0F05 /* Info.plist */,
				1F506DF81E839ADD000E0F05 /* Devices.plist */,
			);
			name = Resources;
			sourceTree = "<group>";
		};
		1F506DB51E839984000E0F05 = {
			isa = PBXGroup;
			children = (
				1F506DC01E839984000E0F05 /* 2-1-11 */,
				1F506DDA1E839984000E0F05 /* 2-1-11Tests */,
				1F506DE51E839984000E0F05 /* 2-1-11UITests */,
				1F506DBF1E839984000E0F05 /* Products */,
			);
			sourceTree = "<group>";
		};
		1F506DBF1E839984000E0F05 /* Products */ = {
			isa = PBXGroup;
			children = (
				1F506DBE1E839984000E0F05 /* 2-1-11.app */,
				1F506DD71E839984000E0F05 /* 2-1-11Tests.xctest */,
				1F506DE21E839984000E0F05 /* 2-1-11UITests.xctest */,
			);
			name = Products;
			sourceTree = "<group>";
		};
		1F506DC01E839984000E0F05 /* 2-1-11 */ = {
			isa = PBXGroup;
			children = (
				1F506DC41E839984000E0F05 /* AppDelegate.h */,
				1F506DC51E839984000E0F05 /* AppDelegate.m */,
				107C85E61E86A7360042B15D /* View Controller */,
				107C85E71E86A7430042B15D /* VIew */,
				107C85E81E86A74F0042B15D /* Resources */,
				1F506DC11E839984000E0F05 /* Supporting Files */,
			);
			path = "2-1-11";
			sourceTree = "<group>";
		};
		1F506DC11E839984000E0F05 /* Supporting Files */ = {
			isa = PBXGroup;
			children = (
				1F506DC21E839984000E0F05 /* main.m */,
			);
			name = "Supporting Files";
			sourceTree = "<group>";
		};
		1F506DDA1E839984000E0F05 /* 2-1-11Tests */ = {
			isa = PBXGroup;
			children = (
				1F506DDB1E839984000E0F05 /* __1_11Tests.m */,
				1F506DDD1E839984000E0F05 /* Info.plist */,
			);
			path = "2-1-11Tests";
			sourceTree = "<group>";
		};
		1F506DE51E839984000E0F05 /* 2-1-11UITests */ = {
			isa = PBXGroup;
			children = (
				1F506DE61E839984000E0F05 /* __1_11UITests.m */,
				1F506DE81E839984000E0F05 /* Info.plist */,
			);
			path = "2-1-11UITests";
			sourceTree = "<group>";
		};
/* End PBXGroup section */

/* Begin PBXNativeTarget section */
		1F506DBD1E839984000E0F05 /* 2-1-11 */ = {
			isa = PBXNativeTarget;
			buildConfigurationList = 1F506DEB1E839984000E0F05 /* Build configuration list for PBXNativeTarget "2-1-11" */;
			buildPhases = (
				1F506DBA1E839984000E0F05 /* Sources */,
				1F506DBB1E839984000E0F05 /* Frameworks */,
				1F506DBC1E839984000E0F05 /* Resources */,
			);
			buildRules = (
			);
			dependencies = (
			);
			name = "2-1-11";
			productName = "2-1-11";
			productReference = 1F506DBE1E839984000E0F05 /* 2-1-11.app */;
			productType = "com.apple.product-type.application";
		};
		1F506DD61E839984000E0F05 /* 2-1-11Tests */ = {
			isa = PBXNativeTarget;
			buildConfigurationList = 1F506DEE1E839984000E0F05 /* Build configuration list for PBXNativeTarget "2-1-11Tests" */;
			buildPhases = (
				1F506DD31E839984000E0F05 /* Sources */,
				1F506DD41E839984000E0F05 /* Frameworks */,
				1F506DD51E839984000E0F05 /* Resources */,
			);
			buildRules = (
			);
			dependencies = (
				1F506DD91E839984000E0F05 /* PBXTargetDependency */,
			);
			name = "2-1-11Tests";
			productName = "2-1-11Tests";
			productReference = 1F506DD71E839984000E0F05 /* 2-1-11Tests.xctest */;
			productType = "com.apple.product-type.bundle.unit-test";
		};
		1F506DE11E839984000E0F05 /* 2-1-11UITests */ = {
			isa = PBXNativeTarget;
			buildConfigurationList = 1F506DF11E839984000E0F05 /* Build configuration list for PBXNativeTarget "2-1-11UITests" */;
			buildPhases = (
				1F506DDE1E839984000E0F05 /* Sources */,
				1F506DDF1E839984000E0F05 /* Frameworks */,
				1F506DE01E839984000E0F05 /* Resources */,
			);
			buildRules = (
			);
			dependencies = (
				1F506DE41E839984000E0F05 /* PBXTargetDependency */,
			);
			name = "2-1-11UITests";
			productName = "2-1-11UITests";
			productReference = 1F506DE21E839984000E0F05 /* 2-1-11UITests.xctest */;
			productType = "com.apple.product-type.bundle.ui-testing";
		};
/* End PBXNativeTarget section */

/* Begin PBXProject section */
		1F506DB61E839984000E0F05 /* Project object */ = {
			isa = PBXProject;
			attributes = {
				LastUpgradeCheck = 0820;
				ORGANIZATIONNAME = stv;
				TargetAttributes = {
					1F506DBD1E839984000E0F05 = {
						CreatedOnToolsVersion = 8.2.1;
						DevelopmentTeam = KE8PEF6922;
						ProvisioningStyle = Automatic;
					};
					1F506DD61E839984000E0F05 = {
						CreatedOnToolsVersion = 8.2.1;
						ProvisioningStyle = Automatic;
						TestTargetID = 1F506DBD1E839984000E0F05;
					};
					1F506DE11E839984000E0F05 = {
						CreatedOnToolsVersion = 8.2.1;
						ProvisioningStyle = Automatic;
						TestTargetID = 1F506DBD1E839984000E0F05;
					};
				};
			};
			buildConfigurationList = 1F506DB91E839984000E0F05 /* Build configuration list for PBXProject "2-1-11" */;
			compatibilityVersion = "Xcode 3.2";
			developmentRegion = English;
			hasScannedForEncodings = 0;
			knownRegions = (
				en,
				Base,
			);
			mainGroup = 1F506DB51E839984000E0F05;
			productRefGroup = 1F506DBF1E839984000E0F05 /* Products */;
			projectDirPath = "";
			projectRoot = "";
			targets = (
				1F506DBD1E839984000E0F05 /* 2-1-11 */,
				1F506DD61E839984000E0F05 /* 2-1-11Tests */,
				1F506DE11E839984000E0F05 /* 2-1-11UITests */,
			);
		};
/* End PBXProject section */

/* Begin PBXResourcesBuildPhase section */
		1F506DBC1E839984000E0F05 /* Resources */ = {
			isa = PBXResourcesBuildPhase;
			buildActionMask = 2147483647;
			files = (
				1F506DF51E839A68000E0F05 /* Main.storyboard in Resources */,
				1F506DD11E839984000E0F05 /* LaunchScreen.storyboard in Resources */,
				1F506DF91E839ADD000E0F05 /* Devices.plist in Resources */,
				1F506DCE1E839984000E0F05 /* Assets.xcassets in Resources */,
			);
			runOnlyForDeploymentPostprocessing = 0;
		};
		1F506DD51E839984000E0F05 /* Resources */ = {
			isa = PBXResourcesBuildPhase;
			buildActionMask = 2147483647;
			files = (
			);
			runOnlyForDeploymentPostprocessing = 0;
		};
		1F506DE01E839984000E0F05 /* Resources */ = {
			isa = PBXResourcesBuildPhase;
			buildActionMask = 2147483647;
			files = (
			);
			runOnlyForDeploymentPostprocessing = 0;
		};
/* End PBXResourcesBuildPhase section */

/* Begin PBXSourcesBuildPhase section */
		1F506DBA1E839984000E0F05 /* Sources */ = {
			isa = PBXSourcesBuildPhase;
			buildActionMask = 2147483647;
			files = (
				1F506DC91E839984000E0F05 /* ViewController.m in Sources */,
				1F506DFB1E83A97F000E0F05 /* ViewController+UITableViewDataSource.m in Sources */,
				1F506DC61E839984000E0F05 /* AppDelegate.m in Sources */,
				1F506DC31E839984000E0F05 /* main.m in Sources */,
			);
			runOnlyForDeploymentPostprocessing = 0;
		};
		1F506DD31E839984000E0F05 /* Sources */ = {
			isa = PBXSourcesBuildPhase;
			buildActionMask = 2147483647;
			files = (
				1F506DDC1E839984000E0F05 /* __1_11Tests.m in Sources */,
			);
			runOnlyForDeploymentPostprocessing = 0;
		};
		1F506DDE1E839984000E0F05 /* Sources */ = {
			isa = PBXSourcesBuildPhase;
			buildActionMask = 2147483647;
			files = (
				1F506DE71E839984000E0F05 /* __1_11UITests.m in Sources */,
			);
			runOnlyForDeploymentPostprocessing = 0;
		};
/* End PBXSourcesBuildPhase section */

/* Begin PBXTargetDependency section */
		1F506DD91E839984000E0F05 /* PBXTargetDependency */ = {
			isa = PBXTargetDependency;
			target = 1F506DBD1E839984000E0F05 /* 2-1-11 */;
			targetProxy = 1F506DD81E839984000E0F05 /* PBXContainerItemProxy */;
		};
		1F506DE41E839984000E0F05 /* PBXTargetDependency */ = {
			isa = PBXTargetDependency;
			target = 1F506DBD1E839984000E0F05 /* 2-1-11 */;
			targetProxy = 1F506DE31E839984000E0F05 /* PBXContainerItemProxy */;
		};
/* End PBXTargetDependency section */

/* Begin PBXVariantGroup section */
		1F506DCF1E839984000E0F05 /* LaunchScreen.storyboard */ = {
			isa = PBXVariantGroup;
			children = (
				1F506DD01E839984000E0F05 /* Base */,
			);
			name = LaunchScreen.storyboard;
			sourceTree = "<group>";
		};
/* End PBXVariantGroup section */

/* Begin XCBuildConfiguration section */
		1F506DE91E839984000E0F05 /* Debug */ = {
			isa = XCBuildConfiguration;
			buildSettings = {
				ALWAYS_SEARCH_USER_PATHS = NO;
				CLANG_ANALYZER_NONNULL = YES;
				CLANG_CXX_LANGUAGE_STANDARD = "gnu++0x";
				CLANG_CXX_LIBRARY = "libc++";
				CLANG_ENABLE_MODULES = YES;
				CLANG_ENABLE_OBJC_ARC = YES;
				CLANG_WARN_BOOL_CONVERSION = YES;
				CLANG_WARN_CONSTANT_CONVERSION = YES;
				CLANG_WARN_DIRECT_OBJC_ISA_USAGE = YES_ERROR;
				CLANG_WARN_DOCUMENTATION_COMMENTS = YES;
				CLANG_WARN_EMPTY_BODY = YES;
				CLANG_WARN_ENUM_CONVERSION = YES;
				CLANG_WARN_INFINITE_RECURSION = YES;
				CLANG_WARN_INT_CONVERSION = YES;
				CLANG_WARN_OBJC_ROOT_CLASS = YES_ERROR;
				CLANG_WARN_SUSPICIOUS_MOVE = YES;
				CLANG_WARN_UNREACHABLE_CODE = YES;
				CLANG_WARN__DUPLICATE_METHOD_MATCH = YES;
				"CODE_SIGN_IDENTITY[sdk=iphoneos*]" = "iPhone Developer";
				COPY_PHASE_STRIP = NO;
				DEBUG_INFORMATION_FORMAT = dwarf;
				ENABLE_STRICT_OBJC_MSGSEND = YES;
				ENABLE_TESTABILITY = YES;
				GCC_C_LANGUAGE_STANDARD = gnu99;
				GCC_DYNAMIC_NO_PIC = NO;
				GCC_NO_COMMON_BLOCKS = YES;
				GCC_OPTIMIZATION_LEVEL = 0;
				GCC_PREPROCESSOR_DEFINITIONS = (
					"DEBUG=1",
					"$(inherited)",
				);
				GCC_WARN_64_TO_32_BIT_CONVERSION = YES;
				GCC_WARN_ABOUT_RETURN_TYPE = YES_ERROR;
				GCC_WARN_UNDECLARED_SELECTOR = YES;
				GCC_WARN_UNINITIALIZED_AUTOS = YES_AGGRESSIVE;
				GCC_WARN_UNUSED_FUNCTION = YES;
				GCC_WARN_UNUSED_VARIABLE = YES;
				IPHONEOS_DEPLOYMENT_TARGET = 10.2;
				MTL_ENABLE_DEBUG_INFO = YES;
				ONLY_ACTIVE_ARCH = YES;
				SDKROOT = iphoneos;
			};
			name = Debug;
		};
		1F506DEA1E839984000E0F05 /* Release */ = {
			isa = XCBuildConfiguration;
			buildSettings = {
				ALWAYS_SEARCH_USER_PATHS = NO;
				CLANG_ANALYZER_NONNULL = YES;
				CLANG_CXX_LANGUAGE_STANDARD = "gnu++0x";
				CLANG_CXX_LIBRARY = "libc++";
				CLANG_ENABLE_MODULES = YES;
				CLANG_ENABLE_OBJC_ARC = YES;
				CLANG_WARN_BOOL_CONVERSION = YES;
				CLANG_WARN_CONSTANT_CONVERSION = YES;
				CLANG_WARN_DIRECT_OBJC_ISA_USAGE = YES_ERROR;
				CLANG_WARN_DOCUMENTATION_COMMENTS = YES;
				CLANG_WARN_EMPTY_BODY = YES;
				CLANG_WARN_ENUM_CONVERSION = YES;
				CLANG_WARN_INFINITE_RECURSION = YES;
				CLANG_WARN_INT_CONVERSION = YES;
				CLANG_WARN_OBJC_ROOT_CLASS = YES_ERROR;
				CLANG_WARN_SUSPICIOUS_MOVE = YES;
				CLANG_WARN_UNREACHABLE_CODE = YES;
				CLANG_WARN__DUPLICATE_METHOD_MATCH = YES;
				"CODE_SIGN_IDENTITY[sdk=iphoneos*]" = "iPhone Developer";
				COPY_PHASE_STRIP = NO;
				DEBUG_INFORMATION_FORMAT = "dwarf-with-dsym";
				ENABLE_NS_ASSERTIONS = NO;
				ENABLE_STRICT_OBJC_MSGSEND = YES;
				GCC_C_LANGUAGE_STANDARD = gnu99;
				GCC_NO_COMMON_BLOCKS = YES;
				GCC_WARN_64_TO_32_BIT_CONVERSION = YES;
				GCC_WARN_ABOUT_RETURN_TYPE = YES_ERROR;
				GCC_WARN_UNDECLARED_SELECTOR = YES;
				GCC_WARN_UNINITIALIZED_AUTOS = YES_AGGRESSIVE;
				GCC_WARN_UNUSED_FUNCTION = YES;
				GCC_WARN_UNUSED_VARIABLE = YES;
				IPHONEOS_DEPLOYMENT_TARGET = 10.2;
				MTL_ENABLE_DEBUG_INFO = NO;
				SDKROOT = iphoneos;
				VALIDATE_PRODUCT = YES;
			};
			name = Release;
		};
		1F506DEC1E839984000E0F05 /* Debug */ = {
			isa = XCBuildConfiguration;
			buildSettings = {
				ASSETCATALOG_COMPILER_APPICON_NAME = AppIcon;
				DEVELOPMENT_TEAM = KE8PEF6922;
				INFOPLIST_FILE = "2-1-11/Info.plist";
				LD_RUNPATH_SEARCH_PATHS = "$(inherited) @executable_path/Frameworks";
				PRODUCT_BUNDLE_IDENTIFIER = "stv.--1-11";
				PRODUCT_NAME = "$(TARGET_NAME)";
			};
			name = Debug;
		};
		1F506DED1E839984000E0F05 /* Release */ = {
			isa = XCBuildConfiguration;
			buildSettings = {
				ASSETCATALOG_COMPILER_APPICON_NAME = AppIcon;
				DEVELOPMENT_TEAM = KE8PEF6922;
				INFOPLIST_FILE = "2-1-11/Info.plist";
				LD_RUNPATH_SEARCH_PATHS = "$(inherited) @executable_path/Frameworks";
				PRODUCT_BUNDLE_IDENTIFIER = "stv.--1-11";
				PRODUCT_NAME = "$(TARGET_NAME)";
			};
			name = Release;
		};
		1F506DEF1E839984000E0F05 /* Debug */ = {
			isa = XCBuildConfiguration;
			buildSettings = {
				BUNDLE_LOADER = "$(TEST_HOST)";
				INFOPLIST_FILE = "2-1-11Tests/Info.plist";
				LD_RUNPATH_SEARCH_PATHS = "$(inherited) @executable_path/Frameworks @loader_path/Frameworks";
				PRODUCT_BUNDLE_IDENTIFIER = "stv.--1-11Tests";
				PRODUCT_NAME = "$(TARGET_NAME)";
				TEST_HOST = "$(BUILT_PRODUCTS_DIR)/2-1-11.app/2-1-11";
			};
			name = Debug;
		};
		1F506DF01E839984000E0F05 /* Release */ = {
			isa = XCBuildConfiguration;
			buildSettings = {
				BUNDLE_LOADER = "$(TEST_HOST)";
				INFOPLIST_FILE = "2-1-11Tests/Info.plist";
				LD_RUNPATH_SEARCH_PATHS = "$(inherited) @executable_path/Frameworks @loader_path/Frameworks";
				PRODUCT_BUNDLE_IDENTIFIER = "stv.--1-11Tests";
				PRODUCT_NAME = "$(TARGET_NAME)";
				TEST_HOST = "$(BUILT_PRODUCTS_DIR)/2-1-11.app/2-1-11";
			};
			name = Release;
		};
		1F506DF21E839984000E0F05 /* Debug */ = {
			isa = XCBuildConfiguration;
			buildSettings = {
				INFOPLIST_FILE = "2-1-11UITests/Info.plist";
				LD_RUNPATH_SEARCH_PATHS = "$(inherited) @executable_path/Frameworks @loader_path/Frameworks";
				PRODUCT_BUNDLE_IDENTIFIER = "stv.--1-11UITests";
				PRODUCT_NAME = "$(TARGET_NAME)";
				TEST_TARGET_NAME = "2-1-11";
			};
			name = Debug;
		};
		1F506DF31E839984000E0F05 /* Release */ = {
			isa = XCBuildConfiguration;
			buildSettings = {
				INFOPLIST_FILE = "2-1-11UITests/Info.plist";
				LD_RUNPATH_SEARCH_PATHS = "$(inherited) @executable_path/Frameworks @loader_path/Frameworks";
				PRODUCT_BUNDLE_IDENTIFIER = "stv.--1-11UITests";
				PRODUCT_NAME = "$(TARGET_NAME)";
				TEST_TARGET_NAME = "2-1-11";
			};
			name = Release;
		};
/* End XCBuildConfiguration section */

/* Begin XCConfigurationList section */
		1F506DB91E839984000E0F05 /* Build configuration list for PBXProject "2-1-11" */ = {
			isa = XCConfigurationList;
			buildConfigurations = (
				1F506DE91E839984000E0F05 /* Debug */,
				1F506DEA1E839984000E0F05 /* Release */,
			);
			defaultConfigurationIsVisible = 0;
			defaultConfigurationName = Release;
		};
		1F506DEB1E839984000E0F05 /* Build configuration list for PBXNativeTarget "2-1-11" */ = {
			isa = XCConfigurationList;
			buildConfigurations = (
				1F506DEC1E839984000E0F05 /* Debug */,
				1F506DED1E839984000E0F05 /* Release */,
			);
			defaultConfigurationIsVisible = 0;
			defaultConfigurationName = Release;
		};
		1F506DEE1E839984000E0F05 /* Build configuration list for PBXNativeTarget "2-1-11Tests" */ = {
			isa = XCConfigurationList;
			buildConfigurations = (
				1F506DEF1E839984000E0F05 /* Debug */,
				1F506DF01E839984000E0F05 /* Release */,
			);
			defaultConfigurationIsVisible = 0;
			defaultConfigurationName = Release;
		};
		1F506DF11E839984000E0F05 /* Build configuration list for PBXNativeTarget "2-1-11UITests" */ = {
			isa = XCConfigurationList;
			buildConfigurations = (
				1F506DF21E839984000E0F05 /* Debug */,
				1F506DF31E839984000E0F05 /* Release */,
			);
			defaultConfigurationIsVisible = 0;
			defaultConfigurationName = Release;
		};
/* End XCConfigurationList section */
	};
	rootObject = 1F506DB61E839984000E0F05 /* Project object */;
}
