// !$*UTF8*$!
{
	archiveVersion = 1;
	classes = {
	};
	objectVersion = 46;
	objects = {

/* Begin PBXBuildFile section */
		10F147351EA8A09D00941C34 /* main.m in Sources */ = {isa = PBXBuildFile; fileRef = 10F147341EA8A09D00941C34 /* main.m */; };
		10F147381EA8A09D00941C34 /* AppDelegate.m in Sources */ = {isa = PBXBuildFile; fileRef = 10F147371EA8A09D00941C34 /* AppDelegate.m */; };
		10F1473B1EA8A09D00941C34 /* ViewController.m in Sources */ = {isa = PBXBuildFile; fileRef = 10F1473A1EA8A09D00941C34 /* ViewController.m */; };
		10F1473E1EA8A09D00941C34 /* Main.storyboard in Resources */ = {isa = PBXBuildFile; fileRef = 10F1473C1EA8A09D00941C34 /* Main.storyboard */; };
		10F147401EA8A09D00941C34 /* Assets.xcassets in Resources */ = {isa = PBXBuildFile; fileRef = 10F1473F1EA8A09D00941C34 /* Assets.xcassets */; };
		10F147431EA8A09D00941C34 /* LaunchScreen.storyboard in Resources */ = {isa = PBXBuildFile; fileRef = 10F147411EA8A09D00941C34 /* LaunchScreen.storyboard */; };
		10F1474E1EA8A09D00941C34 /* __5_7Tests.m in Sources */ = {isa = PBXBuildFile; fileRef = 10F1474D1EA8A09D00941C34 /* __5_7Tests.m */; };
		10F1475A1EA8A0BA00941C34 /* CoreLocation.framework in Frameworks */ = {isa = PBXBuildFile; fileRef = 10F147591EA8A0BA00941C34 /* CoreLocation.framework */; };
		10F1475C1EA8A0D600941C34 /* MapKit.framework in Frameworks */ = {isa = PBXBuildFile; fileRef = 10F1475B1EA8A0D600941C34 /* MapKit.framework */; };
/* End PBXBuildFile section */

/* Begin PBXContainerItemProxy section */
		10F1474A1EA8A09D00941C34 /* PBXContainerItemProxy */ = {
			isa = PBXContainerItemProxy;
			containerPortal = 10F147281EA8A09D00941C34 /* Project object */;
			proxyType = 1;
			remoteGlobalIDString = 10F1472F1EA8A09D00941C34;
			remoteInfo = "2-5-7";
		};
/* End PBXContainerItemProxy section */

/* Begin PBXFileReference section */
		10F147301EA8A09D00941C34 /* 2-5-7.app */ = {isa = PBXFileReference; explicitFileType = wrapper.application; includeInIndex = 0; path = "2-5-7.app"; sourceTree = BUILT_PRODUCTS_DIR; };
		10F147341EA8A09D00941C34 /* main.m */ = {isa = PBXFileReference; lastKnownFileType = sourcecode.c.objc; path = main.m; sourceTree = "<group>"; };
		10F147361EA8A09D00941C34 /* AppDelegate.h */ = {isa = PBXFileReference; lastKnownFileType = sourcecode.c.h; path = AppDelegate.h; sourceTree = "<group>"; };
		10F147371EA8A09D00941C34 /* AppDelegate.m */ = {isa = PBXFileReference; lastKnownFileType = sourcecode.c.objc; path = AppDelegate.m; sourceTree = "<group>"; };
		10F147391EA8A09D00941C34 /* ViewController.h */ = {isa = PBXFileReference; lastKnownFileType = sourcecode.c.h; path = ViewController.h; sourceTree = "<group>"; };
		10F1473A1EA8A09D00941C34 /* ViewController.m */ = {isa = PBXFileReference; lastKnownFileType = sourcecode.c.objc; path = ViewController.m; sourceTree = "<group>"; };
		10F1473D1EA8A09D00941C34 /* Base */ = {isa = PBXFileReference; lastKnownFileType = file.storyboard; name = Base; path = Base.lproj/Main.storyboard; sourceTree = "<group>"; };
		10F1473F1EA8A09D00941C34 /* Assets.xcassets */ = {isa = PBXFileReference; lastKnownFileType = folder.assetcatalog; path = Assets.xcassets; sourceTree = "<group>"; };
		10F147421EA8A09D00941C34 /* Base */ = {isa = PBXFileReference; lastKnownFileType = file.storyboard; name = Base; path = Base.lproj/LaunchScreen.storyboard; sourceTree = "<group>"; };
		10F147441EA8A09D00941C34 /* Info.plist */ = {isa = PBXFileReference; lastKnownFileType = text.plist.xml; path = Info.plist; sourceTree = "<group>"; };
		10F147491EA8A09D00941C34 /* 2-5-7Tests.xctest */ = {isa = PBXFileReference; explicitFileType = wrapper.cfbundle; includeInIndex = 0; path = "2-5-7Tests.xctest"; sourceTree = BUILT_PRODUCTS_DIR; };
		10F1474D1EA8A09D00941C34 /* __5_7Tests.m */ = {isa = PBXFileReference; lastKnownFileType = sourcecode.c.objc; path = __5_7Tests.m; sourceTree = "<group>"; };
		10F1474F1EA8A09D00941C34 /* Info.plist */ = {isa = PBXFileReference; lastKnownFileType = text.plist.xml; path = Info.plist; sourceTree = "<group>"; };
		10F147591EA8A0BA00941C34 /* CoreLocation.framework */ = {isa = PBXFileReference; lastKnownFileType = wrapper.framework; name = CoreLocation.framework; path = System/Library/Frameworks/CoreLocation.framework; sourceTree = SDKROOT; };
		10F1475B1EA8A0D600941C34 /* MapKit.framework */ = {isa = PBXFileReference; lastKnownFileType = wrapper.framework; name = MapKit.framework; path = System/Library/Frameworks/MapKit.framework; sourceTree = SDKROOT; };
/* End PBXFileReference section */

/* Begin PBXFrameworksBuildPhase section */
		10F1472D1EA8A09D00941C34 /* Frameworks */ = {
			isa = PBXFrameworksBuildPhase;
			buildActionMask = 2147483647;
			files = (
				10F1475C1EA8A0D600941C34 /* MapKit.framework in Frameworks */,
				10F1475A1EA8A0BA00941C34 /* CoreLocation.framework in Frameworks */,
			);
			runOnlyForDeploymentPostprocessing = 0;
		};
		10F147461EA8A09D00941C34 /* Frameworks */ = {
			isa = PBXFrameworksBuildPhase;
			buildActionMask = 2147483647;
			files = (
			);
			runOnlyForDeploymentPostprocessing = 0;
		};
/* End PBXFrameworksBuildPhase section */

/* Begin PBXGroup section */
		10F147271EA8A09D00941C34 = {
			isa = PBXGroup;
			children = (
				10F147321EA8A09D00941C34 /* 2-5-7 */,
				10F1474C1EA8A09D00941C34 /* 2-5-7Tests */,
				10F147311EA8A09D00941C34 /* Products */,
				10F147581EA8A0BA00941C34 /* Frameworks */,
			);
			sourceTree = "<group>";
		};
		10F147311EA8A09D00941C34 /* Products */ = {
			isa = PBXGroup;
			children = (
				10F147301EA8A09D00941C34 /* 2-5-7.app */,
				10F147491EA8A09D00941C34 /* 2-5-7Tests.xctest */,
			);
			name = Products;
			sourceTree = "<group>";
		};
		10F147321EA8A09D00941C34 /* 2-5-7 */ = {
			isa = PBXGroup;
			children = (
				10F147361EA8A09D00941C34 /* AppDelegate.h */,
				10F147371EA8A09D00941C34 /* AppDelegate.m */,
				10F147391EA8A09D00941C34 /* ViewController.h */,
				10F1473A1EA8A09D00941C34 /* ViewController.m */,
				10F1473C1EA8A09D00941C34 /* Main.storyboard */,
				10F1473F1EA8A09D00941C34 /* Assets.xcassets */,
				10F147411EA8A09D00941C34 /* LaunchScreen.storyboard */,
				10F147441EA8A09D00941C34 /* Info.plist */,
				10F147331EA8A09D00941C34 /* Supporting Files */,
			);
			path = "2-5-7";
			sourceTree = "<group>";
		};
		10F147331EA8A09D00941C34 /* Supporting Files */ = {
			isa = PBXGroup;
			children = (
				10F147341EA8A09D00941C34 /* main.m */,
			);
			name = "Supporting Files";
			sourceTree = "<group>";
		};
		10F1474C1EA8A09D00941C34 /* 2-5-7Tests */ = {
			isa = PBXGroup;
			children = (
				10F1474D1EA8A09D00941C34 /* __5_7Tests.m */,
				10F1474F1EA8A09D00941C34 /* Info.plist */,
			);
			path = "2-5-7Tests";
			sourceTree = "<group>";
		};
		10F147581EA8A0BA00941C34 /* Frameworks */ = {
			isa = PBXGroup;
			children = (
				10F1475B1EA8A0D600941C34 /* MapKit.framework */,
				10F147591EA8A0BA00941C34 /* CoreLocation.framework */,
			);
			name = Frameworks;
			sourceTree = "<group>";
		};
/* End PBXGroup section */

/* Begin PBXNativeTarget section */
		10F1472F1EA8A09D00941C34 /* 2-5-7 */ = {
			isa = PBXNativeTarget;
			buildConfigurationList = 10F147521EA8A09D00941C34 /* Build configuration list for PBXNativeTarget "2-5-7" */;
			buildPhases = (
				10F1472C1EA8A09D00941C34 /* Sources */,
				10F1472D1EA8A09D00941C34 /* Frameworks */,
				10F1472E1EA8A09D00941C34 /* Resources */,
			);
			buildRules = (
			);
			dependencies = (
			);
			name = "2-5-7";
			productName = "2-5-7";
			productReference = 10F147301EA8A09D00941C34 /* 2-5-7.app */;
			productType = "com.apple.product-type.application";
		};
		10F147481EA8A09D00941C34 /* 2-5-7Tests */ = {
			isa = PBXNativeTarget;
			buildConfigurationList = 10F147551EA8A09D00941C34 /* Build configuration list for PBXNativeTarget "2-5-7Tests" */;
			buildPhases = (
				10F147451EA8A09D00941C34 /* Sources */,
				10F147461EA8A09D00941C34 /* Frameworks */,
				10F147471EA8A09D00941C34 /* Resources */,
			);
			buildRules = (
			);
			dependencies = (
				10F1474B1EA8A09D00941C34 /* PBXTargetDependency */,
			);
			name = "2-5-7Tests";
			productName = "2-5-7Tests";
			productReference = 10F147491EA8A09D00941C34 /* 2-5-7Tests.xctest */;
			productType = "com.apple.product-type.bundle.unit-test";
		};
/* End PBXNativeTarget section */

/* Begin PBXProject section */
		10F147281EA8A09D00941C34 /* Project object */ = {
			isa = PBXProject;
			attributes = {
				LastUpgradeCheck = 0830;
				ORGANIZATIONNAME = "smart tech ventures";
				TargetAttributes = {
					10F1472F1EA8A09D00941C34 = {
						CreatedOnToolsVersion = 8.3.2;
						DevelopmentTeam = PCCZJUYRT6;
						ProvisioningStyle = Automatic;
					};
					10F147481EA8A09D00941C34 = {
						CreatedOnToolsVersion = 8.3.2;
						DevelopmentTeam = PCCZJUYRT6;
						ProvisioningStyle = Automatic;
						TestTargetID = 10F1472F1EA8A09D00941C34;
					};
				};
			};
			buildConfigurationList = 10F1472B1EA8A09D00941C34 /* Build configuration list for PBXProject "2-5-7" */;
			compatibilityVersion = "Xcode 3.2";
			developmentRegion = English;
			hasScannedForEncodings = 0;
			knownRegions = (
				en,
				Base,
			);
			mainGroup = 10F147271EA8A09D00941C34;
			productRefGroup = 10F147311EA8A09D00941C34 /* Products */;
			projectDirPath = "";
			projectRoot = "";
			targets = (
				10F1472F1EA8A09D00941C34 /* 2-5-7 */,
				10F147481EA8A09D00941C34 /* 2-5-7Tests */,
			);
		};
/* End PBXProject section */

/* Begin PBXResourcesBuildPhase section */
		10F1472E1EA8A09D00941C34 /* Resources */ = {
			isa = PBXResourcesBuildPhase;
			buildActionMask = 2147483647;
			files = (
				10F147431EA8A09D00941C34 /* LaunchScreen.storyboard in Resources */,
				10F147401EA8A09D00941C34 /* Assets.xcassets in Resources */,
				10F1473E1EA8A09D00941C34 /* Main.storyboard in Resources */,
			);
			runOnlyForDeploymentPostprocessing = 0;
		};
		10F147471EA8A09D00941C34 /* Resources */ = {
			isa = PBXResourcesBuildPhase;
			buildActionMask = 2147483647;
			files = (
			);
			runOnlyForDeploymentPostprocessing = 0;
		};
/* End PBXResourcesBuildPhase section */

/* Begin PBXSourcesBuildPhase section */
		10F1472C1EA8A09D00941C34 /* Sources */ = {
			isa = PBXSourcesBuildPhase;
			buildActionMask = 2147483647;
			files = (
				10F1473B1EA8A09D00941C34 /* ViewController.m in Sources */,
				10F147381EA8A09D00941C34 /* AppDelegate.m in Sources */,
				10F147351EA8A09D00941C34 /* main.m in Sources */,
			);
			runOnlyForDeploymentPostprocessing = 0;
		};
		10F147451EA8A09D00941C34 /* Sources */ = {
			isa = PBXSourcesBuildPhase;
			buildActionMask = 2147483647;
			files = (
				10F1474E1EA8A09D00941C34 /* __5_7Tests.m in Sources */,
			);
			runOnlyForDeploymentPostprocessing = 0;
		};
/* End PBXSourcesBuildPhase section */

/* Begin PBXTargetDependency section */
		10F1474B1EA8A09D00941C34 /* PBXTargetDependency */ = {
			isa = PBXTargetDependency;
			target = 10F1472F1EA8A09D00941C34 /* 2-5-7 */;
			targetProxy = 10F1474A1EA8A09D00941C34 /* PBXContainerItemProxy */;
		};
/* End PBXTargetDependency section */

/* Begin PBXVariantGroup section */
		10F1473C1EA8A09D00941C34 /* Main.storyboard */ = {
			isa = PBXVariantGroup;
			children = (
				10F1473D1EA8A09D00941C34 /* Base */,
			);
			name = Main.storyboard;
			sourceTree = "<group>";
		};
		10F147411EA8A09D00941C34 /* LaunchScreen.storyboard */ = {
			isa = PBXVariantGroup;
			children = (
				10F147421EA8A09D00941C34 /* Base */,
			);
			name = LaunchScreen.storyboard;
			sourceTree = "<group>";
		};
/* End PBXVariantGroup section */

/* Begin XCBuildConfiguration section */
		10F147501EA8A09D00941C34 /* Debug */ = {
			isa = XCBuildConfiguration;
			buildSettings = {
				ALWAYS_SEARCH_USER_PATHS = NO;
				CLANG_ANALYZER_NONNULL = YES;
				CLANG_ANALYZER_NUMBER_OBJECT_CONVERSION = YES_AGGRESSIVE;
				CLANG_CXX_LANGUAGE_STANDARD = "gnu++0x";
				CLANG_CXX_LIBRARY = "libc++";
				CLANG_ENABLE_MODULES = YES;
				CLANG_ENABLE_OBJC_ARC = YES;
				CLANG_WARN_BOOL_CONVERSION = YES;
				CLANG_WARN_CONSTANT_CONVERSION = YES;
				CLANG_WARN_DIRECT_OBJC_ISA_USAGE = YES_ERROR;
				CLANG_WARN_DOCUMENTATION_COMMENTS = YES;
				CLANG_WARN_EMPTY_BODY = YES;
				CLANG_WARN_ENUM_CONVERSION = YES;
				CLANG_WARN_INFINITE_RECURSION = YES;
				CLANG_WARN_INT_CONVERSION = YES;
				CLANG_WARN_OBJC_ROOT_CLASS = YES_ERROR;
				CLANG_WARN_SUSPICIOUS_MOVE = YES;
				CLANG_WARN_UNREACHABLE_CODE = YES;
				CLANG_WARN__DUPLICATE_METHOD_MATCH = YES;
				"CODE_SIGN_IDENTITY[sdk=iphoneos*]" = "iPhone Developer";
				COPY_PHASE_STRIP = NO;
				DEBUG_INFORMATION_FORMAT = dwarf;
				ENABLE_STRICT_OBJC_MSGSEND = YES;
				ENABLE_TESTABILITY = YES;
				GCC_C_LANGUAGE_STANDARD = gnu99;
				GCC_DYNAMIC_NO_PIC = NO;
				GCC_NO_COMMON_BLOCKS = YES;
				GCC_OPTIMIZATION_LEVEL = 0;
				GCC_PREPROCESSOR_DEFINITIONS = (
					"DEBUG=1",
					"$(inherited)",
				);
				GCC_WARN_64_TO_32_BIT_CONVERSION = YES;
				GCC_WARN_ABOUT_RETURN_TYPE = YES_ERROR;
				GCC_WARN_UNDECLARED_SELECTOR = YES;
				GCC_WARN_UNINITIALIZED_AUTOS = YES_AGGRESSIVE;
				GCC_WARN_UNUSED_FUNCTION = YES;
				GCC_WARN_UNUSED_VARIABLE = YES;
				IPHONEOS_DEPLOYMENT_TARGET = 10.3;
				MTL_ENABLE_DEBUG_INFO = YES;
				ONLY_ACTIVE_ARCH = YES;
				SDKROOT = iphoneos;
			};
			name = Debug;
		};
		10F147511EA8A09D00941C34 /* Release */ = {
			isa = XCBuildConfiguration;
			buildSettings = {
				ALWAYS_SEARCH_USER_PATHS = NO;
				CLANG_ANALYZER_NONNULL = YES;
				CLANG_ANALYZER_NUMBER_OBJECT_CONVERSION = YES_AGGRESSIVE;
				CLANG_CXX_LANGUAGE_STANDARD = "gnu++0x";
				CLANG_CXX_LIBRARY = "libc++";
				CLANG_ENABLE_MODULES = YES;
				CLANG_ENABLE_OBJC_ARC = YES;
				CLANG_WARN_BOOL_CONVERSION = YES;
				CLANG_WARN_CONSTANT_CONVERSION = YES;
				CLANG_WARN_DIRECT_OBJC_ISA_USAGE = YES_ERROR;
				CLANG_WARN_DOCUMENTATION_COMMENTS = YES;
				CLANG_WARN_EMPTY_BODY = YES;
				CLANG_WARN_ENUM_CONVERSION = YES;
				CLANG_WARN_INFINITE_RECURSION = YES;
				CLANG_WARN_INT_CONVERSION = YES;
				CLANG_WARN_OBJC_ROOT_CLASS = YES_ERROR;
				CLANG_WARN_SUSPICIOUS_MOVE = YES;
				CLANG_WARN_UNREACHABLE_CODE = YES;
				CLANG_WARN__DUPLICATE_METHOD_MATCH = YES;
				"CODE_SIGN_IDENTITY[sdk=iphoneos*]" = "iPhone Developer";
				COPY_PHASE_STRIP = NO;
				DEBUG_INFORMATION_FORMAT = "dwarf-with-dsym";
				ENABLE_NS_ASSERTIONS = NO;
				ENABLE_STRICT_OBJC_MSGSEND = YES;
				GCC_C_LANGUAGE_STANDARD = gnu99;
				GCC_NO_COMMON_BLOCKS = YES;
				GCC_WARN_64_TO_32_BIT_CONVERSION = YES;
				GCC_WARN_ABOUT_RETURN_TYPE = YES_ERROR;
				GCC_WARN_UNDECLARED_SELECTOR = YES;
				GCC_WARN_UNINITIALIZED_AUTOS = YES_AGGRESSIVE;
				GCC_WARN_UNUSED_FUNCTION = YES;
				GCC_WARN_UNUSED_VARIABLE = YES;
				IPHONEOS_DEPLOYMENT_TARGET = 10.3;
				MTL_ENABLE_DEBUG_INFO = NO;
				SDKROOT = iphoneos;
				VALIDATE_PRODUCT = YES;
			};
			name = Release;
		};
		10F147531EA8A09D00941C34 /* Debug */ = {
			isa = XCBuildConfiguration;
			buildSettings = {
				ASSETCATALOG_COMPILER_APPICON_NAME = AppIcon;
				DEVELOPMENT_TEAM = PCCZJUYRT6;
				INFOPLIST_FILE = "2-5-7/Info.plist";
				IPHONEOS_DEPLOYMENT_TARGET = 10.2;
				LD_RUNPATH_SEARCH_PATHS = "$(inherited) @executable_path/Frameworks";
				PRODUCT_BUNDLE_IDENTIFIER = "smart-tech-ventures.--5-7";
				PRODUCT_NAME = "$(TARGET_NAME)";
			};
			name = Debug;
		};
		10F147541EA8A09D00941C34 /* Release */ = {
			isa = XCBuildConfiguration;
			buildSettings = {
				ASSETCATALOG_COMPILER_APPICON_NAME = AppIcon;
				DEVELOPMENT_TEAM = PCCZJUYRT6;
				INFOPLIST_FILE = "2-5-7/Info.plist";
				IPHONEOS_DEPLOYMENT_TARGET = 10.2;
				LD_RUNPATH_SEARCH_PATHS = "$(inherited) @executable_path/Frameworks";
				PRODUCT_BUNDLE_IDENTIFIER = "smart-tech-ventures.--5-7";
				PRODUCT_NAME = "$(TARGET_NAME)";
			};
			name = Release;
		};
		10F147561EA8A09D00941C34 /* Debug */ = {
			isa = XCBuildConfiguration;
			buildSettings = {
				BUNDLE_LOADER = "$(TEST_HOST)";
				DEVELOPMENT_TEAM = PCCZJUYRT6;
				INFOPLIST_FILE = "2-5-7Tests/Info.plist";
				LD_RUNPATH_SEARCH_PATHS = "$(inherited) @executable_path/Frameworks @loader_path/Frameworks";
				PRODUCT_BUNDLE_IDENTIFIER = "smart-tech-ventures.--5-7Tests";
				PRODUCT_NAME = "$(TARGET_NAME)";
				TEST_HOST = "$(BUILT_PRODUCTS_DIR)/2-5-7.app/2-5-7";
			};
			name = Debug;
		};
		10F147571EA8A09D00941C34 /* Release */ = {
			isa = XCBuildConfiguration;
			buildSettings = {
				BUNDLE_LOADER = "$(TEST_HOST)";
				DEVELOPMENT_TEAM = PCCZJUYRT6;
				INFOPLIST_FILE = "2-5-7Tests/Info.plist";
				LD_RUNPATH_SEARCH_PATHS = "$(inherited) @executable_path/Frameworks @loader_path/Frameworks";
				PRODUCT_BUNDLE_IDENTIFIER = "smart-tech-ventures.--5-7Tests";
				PRODUCT_NAME = "$(TARGET_NAME)";
				TEST_HOST = "$(BUILT_PRODUCTS_DIR)/2-5-7.app/2-5-7";
			};
			name = Release;
		};
/* End XCBuildConfiguration section */

/* Begin XCConfigurationList section */
		10F1472B1EA8A09D00941C34 /* Build configuration list for PBXProject "2-5-7" */ = {
			isa = XCConfigurationList;
			buildConfigurations = (
				10F147501EA8A09D00941C34 /* Debug */,
				10F147511EA8A09D00941C34 /* Release */,
			);
			defaultConfigurationIsVisible = 0;
			defaultConfigurationName = Release;
		};
		10F147521EA8A09D00941C34 /* Build configuration list for PBXNativeTarget "2-5-7" */ = {
			isa = XCConfigurationList;
			buildConfigurations = (
				10F147531EA8A09D00941C34 /* Debug */,
				10F147541EA8A09D00941C34 /* Release */,
			);
			defaultConfigurationIsVisible = 0;
		};
		10F147551EA8A09D00941C34 /* Build configuration list for PBXNativeTarget "2-5-7Tests" */ = {
			isa = XCConfigurationList;
			buildConfigurations = (
				10F147561EA8A09D00941C34 /* Debug */,
				10F147571EA8A09D00941C34 /* Release */,
			);
			defaultConfigurationIsVisible = 0;
		};
/* End XCConfigurationList section */
	};
	rootObject = 10F147281EA8A09D00941C34 /* Project object */;
}
