// !$*UTF8*$!
{
	archiveVersion = 1;
	classes = {
	};
	objectVersion = 46;
	objects = {

/* Begin PBXBuildFile section */
		1FA6FA821EA49C3100F19849 /* main.m in Sources */ = {isa = PBXBuildFile; fileRef = 1FA6FA811EA49C3100F19849 /* main.m */; };
		1FA6FA851EA49C3100F19849 /* AppDelegate.m in Sources */ = {isa = PBXBuildFile; fileRef = 1FA6FA841EA49C3100F19849 /* AppDelegate.m */; };
		1FA6FA881EA49C3100F19849 /* ViewController.m in Sources */ = {isa = PBXBuildFile; fileRef = 1FA6FA871EA49C3100F19849 /* ViewController.m */; };
		1FA6FA8B1EA49C3100F19849 /* Main.storyboard in Resources */ = {isa = PBXBuildFile; fileRef = 1FA6FA891EA49C3100F19849 /* Main.storyboard */; };
		1FA6FA8D1EA49C3100F19849 /* Assets.xcassets in Resources */ = {isa = PBXBuildFile; fileRef = 1FA6FA8C1EA49C3100F19849 /* Assets.xcassets */; };
		1FA6FA901EA49C3100F19849 /* LaunchScreen.storyboard in Resources */ = {isa = PBXBuildFile; fileRef = 1FA6FA8E1EA49C3100F19849 /* LaunchScreen.storyboard */; };
		1FA6FA9B1EA49C3100F19849 /* __4_8Tests.m in Sources */ = {isa = PBXBuildFile; fileRef = 1FA6FA9A1EA49C3100F19849 /* __4_8Tests.m */; };
		1FA6FAA71EA49CE300F19849 /* PostInstagram.m in Sources */ = {isa = PBXBuildFile; fileRef = 1FA6FAA61EA49CE300F19849 /* PostInstagram.m */; };
		1FA6FAA81EA49CE300F19849 /* PostInstagram.m in Sources */ = {isa = PBXBuildFile; fileRef = 1FA6FAA61EA49CE300F19849 /* PostInstagram.m */; };
/* End PBXBuildFile section */

/* Begin PBXContainerItemProxy section */
		1FA6FA971EA49C3100F19849 /* PBXContainerItemProxy */ = {
			isa = PBXContainerItemProxy;
			containerPortal = 1FA6FA751EA49C3000F19849 /* Project object */;
			proxyType = 1;
			remoteGlobalIDString = 1FA6FA7C1EA49C3100F19849;
			remoteInfo = "2-4-8";
		};
/* End PBXContainerItemProxy section */

/* Begin PBXFileReference section */
		1FA6FA7D1EA49C3100F19849 /* 2-4-8.app */ = {isa = PBXFileReference; explicitFileType = wrapper.application; includeInIndex = 0; path = "2-4-8.app"; sourceTree = BUILT_PRODUCTS_DIR; };
		1FA6FA811EA49C3100F19849 /* main.m */ = {isa = PBXFileReference; lastKnownFileType = sourcecode.c.objc; path = main.m; sourceTree = "<group>"; };
		1FA6FA831EA49C3100F19849 /* AppDelegate.h */ = {isa = PBXFileReference; lastKnownFileType = sourcecode.c.h; path = AppDelegate.h; sourceTree = "<group>"; };
		1FA6FA841EA49C3100F19849 /* AppDelegate.m */ = {isa = PBXFileReference; lastKnownFileType = sourcecode.c.objc; path = AppDelegate.m; sourceTree = "<group>"; };
		1FA6FA861EA49C3100F19849 /* ViewController.h */ = {isa = PBXFileReference; lastKnownFileType = sourcecode.c.h; path = ViewController.h; sourceTree = "<group>"; };
		1FA6FA871EA49C3100F19849 /* ViewController.m */ = {isa = PBXFileReference; lastKnownFileType = sourcecode.c.objc; path = ViewController.m; sourceTree = "<group>"; };
		1FA6FA8A1EA49C3100F19849 /* Base */ = {isa = PBXFileReference; lastKnownFileType = file.storyboard; name = Base; path = Base.lproj/Main.storyboard; sourceTree = "<group>"; };
		1FA6FA8C1EA49C3100F19849 /* Assets.xcassets */ = {isa = PBXFileReference; lastKnownFileType = folder.assetcatalog; path = Assets.xcassets; sourceTree = "<group>"; };
		1FA6FA8F1EA49C3100F19849 /* Base */ = {isa = PBXFileReference; lastKnownFileType = file.storyboard; name = Base; path = Base.lproj/LaunchScreen.storyboard; sourceTree = "<group>"; };
		1FA6FA911EA49C3100F19849 /* Info.plist */ = {isa = PBXFileReference; lastKnownFileType = text.plist.xml; path = Info.plist; sourceTree = "<group>"; };
		1FA6FA961EA49C3100F19849 /* 2-4-8Tests.xctest */ = {isa = PBXFileReference; explicitFileType = wrapper.cfbundle; includeInIndex = 0; path = "2-4-8Tests.xctest"; sourceTree = BUILT_PRODUCTS_DIR; };
		1FA6FA9A1EA49C3100F19849 /* __4_8Tests.m */ = {isa = PBXFileReference; lastKnownFileType = sourcecode.c.objc; path = __4_8Tests.m; sourceTree = "<group>"; };
		1FA6FA9C1EA49C3100F19849 /* Info.plist */ = {isa = PBXFileReference; lastKnownFileType = text.plist.xml; path = Info.plist; sourceTree = "<group>"; };
		1FA6FAA51EA49CE300F19849 /* PostInstagram.h */ = {isa = PBXFileReference; fileEncoding = 4; lastKnownFileType = sourcecode.c.h; name = PostInstagram.h; path = PostInstagram.h; sourceTree = "<group>"; };
		1FA6FAA61EA49CE300F19849 /* PostInstagram.m */ = {isa = PBXFileReference; fileEncoding = 4; lastKnownFileType = sourcecode.c.objc; name = PostInstagram.m; path = PostInstagram.m; sourceTree = "<group>"; };
/* End PBXFileReference section */

/* Begin PBXFrameworksBuildPhase section */
		1FA6FA7A1EA49C3100F19849 /* Frameworks */ = {
			isa = PBXFrameworksBuildPhase;
			buildActionMask = 2147483647;
			files = (
			);
			runOnlyForDeploymentPostprocessing = 0;
		};
		1FA6FA931EA49C3100F19849 /* Frameworks */ = {
			isa = PBXFrameworksBuildPhase;
			buildActionMask = 2147483647;
			files = (
			);
			runOnlyForDeploymentPostprocessing = 0;
		};
/* End PBXFrameworksBuildPhase section */

/* Begin PBXGroup section */
		1FA6FA741EA49C3000F19849 = {
			isa = PBXGroup;
			children = (
				1FA6FA7F1EA49C3100F19849 /* 2-4-8 */,
				1FA6FA991EA49C3100F19849 /* 2-4-8Tests */,
				1FA6FA7E1EA49C3100F19849 /* Products */,
			);
			sourceTree = "<group>";
		};
		1FA6FA7E1EA49C3100F19849 /* Products */ = {
			isa = PBXGroup;
			children = (
				1FA6FA7D1EA49C3100F19849 /* 2-4-8.app */,
				1FA6FA961EA49C3100F19849 /* 2-4-8Tests.xctest */,
			);
			name = Products;
			sourceTree = "<group>";
		};
		1FA6FA7F1EA49C3100F19849 /* 2-4-8 */ = {
			isa = PBXGroup;
			children = (
				1FA6FAAA1EA4A47800F19849 /* Resources */,
				1FA6FA801EA49C3100F19849 /* Supporting Files */,
				1FA6FAA91EA49CF100F19849 /* VC */,
				1FA6FAAE1EA4A49A00F19849 /* View */,
			);
			path = "2-4-8";
			sourceTree = "<group>";
		};
		1FA6FA801EA49C3100F19849 /* Supporting Files */ = {
			isa = PBXGroup;
			children = (
				1FA6FA831EA49C3100F19849 /* AppDelegate.h */,
				1FA6FA841EA49C3100F19849 /* AppDelegate.m */,
				1FA6FA811EA49C3100F19849 /* main.m */,
			);
			name = "Supporting Files";
			path = "Supporting Files";
			sourceTree = "<group>";
		};
		1FA6FA991EA49C3100F19849 /* 2-4-8Tests */ = {
			isa = PBXGroup;
			children = (
				1FA6FA9C1EA49C3100F19849 /* Info.plist */,
				1FA6FA9A1EA49C3100F19849 /* __4_8Tests.m */,
			);
			path = "2-4-8Tests";
			sourceTree = "<group>";
		};
		1FA6FAA91EA49CF100F19849 /* VC */ = {
			isa = PBXGroup;
			children = (
				1FA6FAA51EA49CE300F19849 /* PostInstagram.h */,
				1FA6FAA61EA49CE300F19849 /* PostInstagram.m */,
				1FA6FA861EA49C3100F19849 /* ViewController.h */,
				1FA6FA871EA49C3100F19849 /* ViewController.m */,
			);
			name = VC;
			path = VC;
			sourceTree = "<group>";
		};
		1FA6FAAA1EA4A47800F19849 /* Resources */ = {
			isa = PBXGroup;
			children = (
				1FA6FA8C1EA49C3100F19849 /* Assets.xcassets */,
				1FA6FA911EA49C3100F19849 /* Info.plist */,
				1FA6FA8E1EA49C3100F19849 /* LaunchScreen.storyboard */,
			);
			name = Resources;
			path = Resources;
			sourceTree = "<group>";
		};
		1FA6FAAE1EA4A49A00F19849 /* View */ = {
			isa = PBXGroup;
			children = (
				1FA6FA891EA49C3100F19849 /* Main.storyboard */,
			);
			name = View;
			path = View;
			sourceTree = "<group>";
		};
/* End PBXGroup section */

/* Begin PBXNativeTarget section */
		1FA6FA7C1EA49C3100F19849 /* 2-4-8 */ = {
			isa = PBXNativeTarget;
			buildConfigurationList = 1FA6FA9F1EA49C3100F19849 /* Build configuration list for PBXNativeTarget "2-4-8" */;
			buildPhases = (
				1FA6FA791EA49C3100F19849 /* Sources */,
				1FA6FA7A1EA49C3100F19849 /* Frameworks */,
				1FA6FA7B1EA49C3100F19849 /* Resources */,
			);
			buildRules = (
			);
			dependencies = (
			);
			name = "2-4-8";
			productName = "2-4-8";
			productReference = 1FA6FA7D1EA49C3100F19849 /* 2-4-8.app */;
			productType = "com.apple.product-type.application";
		};
		1FA6FA951EA49C3100F19849 /* 2-4-8Tests */ = {
			isa = PBXNativeTarget;
			buildConfigurationList = 1FA6FAA21EA49C3100F19849 /* Build configuration list for PBXNativeTarget "2-4-8Tests" */;
			buildPhases = (
				1FA6FA921EA49C3100F19849 /* Sources */,
				1FA6FA931EA49C3100F19849 /* Frameworks */,
				1FA6FA941EA49C3100F19849 /* Resources */,
			);
			buildRules = (
			);
			dependencies = (
				1FA6FA981EA49C3100F19849 /* PBXTargetDependency */,
			);
			name = "2-4-8Tests";
			productName = "2-4-8Tests";
			productReference = 1FA6FA961EA49C3100F19849 /* 2-4-8Tests.xctest */;
			productType = "com.apple.product-type.bundle.unit-test";
		};
/* End PBXNativeTarget section */

/* Begin PBXProject section */
		1FA6FA751EA49C3000F19849 /* Project object */ = {
			isa = PBXProject;
			attributes = {
				LastUpgradeCheck = 0830;
				ORGANIZATIONNAME = stv;
				TargetAttributes = {
					1FA6FA7C1EA49C3100F19849 = {
						CreatedOnToolsVersion = 8.3.1;
						DevelopmentTeam = PCCZJUYRT6;
						ProvisioningStyle = Automatic;
					};
					1FA6FA951EA49C3100F19849 = {
						CreatedOnToolsVersion = 8.3.1;
						DevelopmentTeam = PCCZJUYRT6;
						ProvisioningStyle = Automatic;
						TestTargetID = 1FA6FA7C1EA49C3100F19849;
					};
				};
			};
			buildConfigurationList = 1FA6FA781EA49C3000F19849 /* Build configuration list for PBXProject "2-4-8" */;
			compatibilityVersion = "Xcode 3.2";
			developmentRegion = English;
			hasScannedForEncodings = 0;
			knownRegions = (
				en,
				Base,
			);
			mainGroup = 1FA6FA741EA49C3000F19849;
			productRefGroup = 1FA6FA7E1EA49C3100F19849 /* Products */;
			projectDirPath = "";
			projectRoot = "";
			targets = (
				1FA6FA7C1EA49C3100F19849 /* 2-4-8 */,
				1FA6FA951EA49C3100F19849 /* 2-4-8Tests */,
			);
		};
/* End PBXProject section */

/* Begin PBXResourcesBuildPhase section */
		1FA6FA7B1EA49C3100F19849 /* Resources */ = {
			isa = PBXResourcesBuildPhase;
			buildActionMask = 2147483647;
			files = (
				1FA6FA901EA49C3100F19849 /* LaunchScreen.storyboard in Resources */,
				1FA6FA8D1EA49C3100F19849 /* Assets.xcassets in Resources */,
				1FA6FA8B1EA49C3100F19849 /* Main.storyboard in Resources */,
			);
			runOnlyForDeploymentPostprocessing = 0;
		};
		1FA6FA941EA49C3100F19849 /* Resources */ = {
			isa = PBXResourcesBuildPhase;
			buildActionMask = 2147483647;
			files = (
			);
			runOnlyForDeploymentPostprocessing = 0;
		};
/* End PBXResourcesBuildPhase section */

/* Begin PBXSourcesBuildPhase section */
		1FA6FA791EA49C3100F19849 /* Sources */ = {
			isa = PBXSourcesBuildPhase;
			buildActionMask = 2147483647;
			files = (
				1FA6FA881EA49C3100F19849 /* ViewController.m in Sources */,
				1FA6FA851EA49C3100F19849 /* AppDelegate.m in Sources */,
				1FA6FAA71EA49CE300F19849 /* PostInstagram.m in Sources */,
				1FA6FA821EA49C3100F19849 /* main.m in Sources */,
			);
			runOnlyForDeploymentPostprocessing = 0;
		};
		1FA6FA921EA49C3100F19849 /* Sources */ = {
			isa = PBXSourcesBuildPhase;
			buildActionMask = 2147483647;
			files = (
				1FA6FAA81EA49CE300F19849 /* PostInstagram.m in Sources */,
				1FA6FA9B1EA49C3100F19849 /* __4_8Tests.m in Sources */,
			);
			runOnlyForDeploymentPostprocessing = 0;
		};
/* End PBXSourcesBuildPhase section */

/* Begin PBXTargetDependency section */
		1FA6FA981EA49C3100F19849 /* PBXTargetDependency */ = {
			isa = PBXTargetDependency;
			target = 1FA6FA7C1EA49C3100F19849 /* 2-4-8 */;
			targetProxy = 1FA6FA971EA49C3100F19849 /* PBXContainerItemProxy */;
		};
/* End PBXTargetDependency section */

/* Begin PBXVariantGroup section */
		1FA6FA891EA49C3100F19849 /* Main.storyboard */ = {
			isa = PBXVariantGroup;
			children = (
				1FA6FA8A1EA49C3100F19849 /* Base */,
			);
			name = Main.storyboard;
			path = .;
			sourceTree = "<group>";
		};
		1FA6FA8E1EA49C3100F19849 /* LaunchScreen.storyboard */ = {
			isa = PBXVariantGroup;
			children = (
				1FA6FA8F1EA49C3100F19849 /* Base */,
			);
			name = LaunchScreen.storyboard;
			path = .;
			sourceTree = "<group>";
		};
/* End PBXVariantGroup section */

/* Begin XCBuildConfiguration section */
		1FA6FA9D1EA49C3100F19849 /* Debug */ = {
			isa = XCBuildConfiguration;
			buildSettings = {
				ALWAYS_SEARCH_USER_PATHS = NO;
				CLANG_ANALYZER_NONNULL = YES;
				CLANG_ANALYZER_NUMBER_OBJECT_CONVERSION = YES_AGGRESSIVE;
				CLANG_CXX_LANGUAGE_STANDARD = "gnu++0x";
				CLANG_CXX_LIBRARY = "libc++";
				CLANG_ENABLE_MODULES = YES;
				CLANG_ENABLE_OBJC_ARC = YES;
				CLANG_WARN_BOOL_CONVERSION = YES;
				CLANG_WARN_CONSTANT_CONVERSION = YES;
				CLANG_WARN_DIRECT_OBJC_ISA_USAGE = YES_ERROR;
				CLANG_WARN_DOCUMENTATION_COMMENTS = YES;
				CLANG_WARN_EMPTY_BODY = YES;
				CLANG_WARN_ENUM_CONVERSION = YES;
				CLANG_WARN_INFINITE_RECURSION = YES;
				CLANG_WARN_INT_CONVERSION = YES;
				CLANG_WARN_OBJC_ROOT_CLASS = YES_ERROR;
				CLANG_WARN_SUSPICIOUS_MOVE = YES;
				CLANG_WARN_UNREACHABLE_CODE = YES;
				CLANG_WARN__DUPLICATE_METHOD_MATCH = YES;
				"CODE_SIGN_IDENTITY[sdk=iphoneos*]" = "iPhone Developer";
				COPY_PHASE_STRIP = NO;
				DEBUG_INFORMATION_FORMAT = dwarf;
				ENABLE_STRICT_OBJC_MSGSEND = YES;
				ENABLE_TESTABILITY = YES;
				GCC_C_LANGUAGE_STANDARD = gnu99;
				GCC_DYNAMIC_NO_PIC = NO;
				GCC_NO_COMMON_BLOCKS = YES;
				GCC_OPTIMIZATION_LEVEL = 0;
				GCC_PREPROCESSOR_DEFINITIONS = (
					"DEBUG=1",
					"$(inherited)",
				);
				GCC_WARN_64_TO_32_BIT_CONVERSION = YES;
				GCC_WARN_ABOUT_RETURN_TYPE = YES_ERROR;
				GCC_WARN_UNDECLARED_SELECTOR = YES;
				GCC_WARN_UNINITIALIZED_AUTOS = YES_AGGRESSIVE;
				GCC_WARN_UNUSED_FUNCTION = YES;
				GCC_WARN_UNUSED_VARIABLE = YES;
				IPHONEOS_DEPLOYMENT_TARGET = 10.3;
				MTL_ENABLE_DEBUG_INFO = YES;
				ONLY_ACTIVE_ARCH = YES;
				SDKROOT = iphoneos;
			};
			name = Debug;
		};
		1FA6FA9E1EA49C3100F19849 /* Release */ = {
			isa = XCBuildConfiguration;
			buildSettings = {
				ALWAYS_SEARCH_USER_PATHS = NO;
				CLANG_ANALYZER_NONNULL = YES;
				CLANG_ANALYZER_NUMBER_OBJECT_CONVERSION = YES_AGGRESSIVE;
				CLANG_CXX_LANGUAGE_STANDARD = "gnu++0x";
				CLANG_CXX_LIBRARY = "libc++";
				CLANG_ENABLE_MODULES = YES;
				CLANG_ENABLE_OBJC_ARC = YES;
				CLANG_WARN_BOOL_CONVERSION = YES;
				CLANG_WARN_CONSTANT_CONVERSION = YES;
				CLANG_WARN_DIRECT_OBJC_ISA_USAGE = YES_ERROR;
				CLANG_WARN_DOCUMENTATION_COMMENTS = YES;
				CLANG_WARN_EMPTY_BODY = YES;
				CLANG_WARN_ENUM_CONVERSION = YES;
				CLANG_WARN_INFINITE_RECURSION = YES;
				CLANG_WARN_INT_CONVERSION = YES;
				CLANG_WARN_OBJC_ROOT_CLASS = YES_ERROR;
				CLANG_WARN_SUSPICIOUS_MOVE = YES;
				CLANG_WARN_UNREACHABLE_CODE = YES;
				CLANG_WARN__DUPLICATE_METHOD_MATCH = YES;
				"CODE_SIGN_IDENTITY[sdk=iphoneos*]" = "iPhone Developer";
				COPY_PHASE_STRIP = NO;
				DEBUG_INFORMATION_FORMAT = "dwarf-with-dsym";
				ENABLE_NS_ASSERTIONS = NO;
				ENABLE_STRICT_OBJC_MSGSEND = YES;
				GCC_C_LANGUAGE_STANDARD = gnu99;
				GCC_NO_COMMON_BLOCKS = YES;
				GCC_WARN_64_TO_32_BIT_CONVERSION = YES;
				GCC_WARN_ABOUT_RETURN_TYPE = YES_ERROR;
				GCC_WARN_UNDECLARED_SELECTOR = YES;
				GCC_WARN_UNINITIALIZED_AUTOS = YES_AGGRESSIVE;
				GCC_WARN_UNUSED_FUNCTION = YES;
				GCC_WARN_UNUSED_VARIABLE = YES;
				IPHONEOS_DEPLOYMENT_TARGET = 10.3;
				MTL_ENABLE_DEBUG_INFO = NO;
				SDKROOT = iphoneos;
				VALIDATE_PRODUCT = YES;
			};
			name = Release;
		};
		1FA6FAA01EA49C3100F19849 /* Debug */ = {
			isa = XCBuildConfiguration;
			buildSettings = {
				ASSETCATALOG_COMPILER_APPICON_NAME = AppIcon;
				DEVELOPMENT_TEAM = PCCZJUYRT6;
				INFOPLIST_FILE = "2-4-8/Resources/Info.plist";
				IPHONEOS_DEPLOYMENT_TARGET = 9.0;
				LD_RUNPATH_SEARCH_PATHS = "$(inherited) @executable_path/Frameworks";
				PRODUCT_BUNDLE_IDENTIFIER = "stv.--4-8";
				PRODUCT_NAME = "$(TARGET_NAME)";
			};
			name = Debug;
		};
		1FA6FAA11EA49C3100F19849 /* Release */ = {
			isa = XCBuildConfiguration;
			buildSettings = {
				ASSETCATALOG_COMPILER_APPICON_NAME = AppIcon;
				DEVELOPMENT_TEAM = PCCZJUYRT6;
				INFOPLIST_FILE = "2-4-8/Resources/Info.plist";
				IPHONEOS_DEPLOYMENT_TARGET = 9.0;
				LD_RUNPATH_SEARCH_PATHS = "$(inherited) @executable_path/Frameworks";
				PRODUCT_BUNDLE_IDENTIFIER = "stv.--4-8";
				PRODUCT_NAME = "$(TARGET_NAME)";
			};
			name = Release;
		};
		1FA6FAA31EA49C3100F19849 /* Debug */ = {
			isa = XCBuildConfiguration;
			buildSettings = {
				BUNDLE_LOADER = "$(TEST_HOST)";
				DEVELOPMENT_TEAM = PCCZJUYRT6;
				INFOPLIST_FILE = "2-4-8Tests/Info.plist";
				LD_RUNPATH_SEARCH_PATHS = "$(inherited) @executable_path/Frameworks @loader_path/Frameworks";
				PRODUCT_BUNDLE_IDENTIFIER = "stv.--4-8Tests";
				PRODUCT_NAME = "$(TARGET_NAME)";
				TEST_HOST = "$(BUILT_PRODUCTS_DIR)/2-4-8.app/2-4-8";
			};
			name = Debug;
		};
		1FA6FAA41EA49C3100F19849 /* Release */ = {
			isa = XCBuildConfiguration;
			buildSettings = {
				BUNDLE_LOADER = "$(TEST_HOST)";
				DEVELOPMENT_TEAM = PCCZJUYRT6;
				INFOPLIST_FILE = "2-4-8Tests/Info.plist";
				LD_RUNPATH_SEARCH_PATHS = "$(inherited) @executable_path/Frameworks @loader_path/Frameworks";
				PRODUCT_BUNDLE_IDENTIFIER = "stv.--4-8Tests";
				PRODUCT_NAME = "$(TARGET_NAME)";
				TEST_HOST = "$(BUILT_PRODUCTS_DIR)/2-4-8.app/2-4-8";
			};
			name = Release;
		};
/* End XCBuildConfiguration section */

/* Begin XCConfigurationList section */
		1FA6FA781EA49C3000F19849 /* Build configuration list for PBXProject "2-4-8" */ = {
			isa = XCConfigurationList;
			buildConfigurations = (
				1FA6FA9D1EA49C3100F19849 /* Debug */,
				1FA6FA9E1EA49C3100F19849 /* Release */,
			);
			defaultConfigurationIsVisible = 0;
			defaultConfigurationName = Release;
		};
		1FA6FA9F1EA49C3100F19849 /* Build configuration list for PBXNativeTarget "2-4-8" */ = {
			isa = XCConfigurationList;
			buildConfigurations = (
				1FA6FAA01EA49C3100F19849 /* Debug */,
				1FA6FAA11EA49C3100F19849 /* Release */,
			);
			defaultConfigurationIsVisible = 0;
		};
		1FA6FAA21EA49C3100F19849 /* Build configuration list for PBXNativeTarget "2-4-8Tests" */ = {
			isa = XCConfigurationList;
			buildConfigurations = (
				1FA6FAA31EA49C3100F19849 /* Debug */,
				1FA6FAA41EA49C3100F19849 /* Release */,
			);
			defaultConfigurationIsVisible = 0;
		};
/* End XCConfigurationList section */
	};
	rootObject = 1FA6FA751EA49C3000F19849 /* Project object */;
}
